# This file was autogenerated by Stack.
# You should not edit this file by hand.
# For more information, please see the documentation at:
#   https://docs.haskellstack.org/en/stable/topics/lock_files

packages:
- completed:
    hackage: stm-2.5.1.0@sha256:7906fe34eac27c6a81a5980c2ec45eab7876494961820dfd3aa770e0d02a0373,2395
    pantry-tree:
      sha256: e4cc09c1ba6a2b9583ff79ad67e422d91e0edd30ce5250b009412dc175a8639a
      size: 1392
  original:
    hackage: stm-2.5.1.0
- completed:
    hackage: mtl-2.2.2@sha256:1050fb71acd9f5d67da7d992583f5bd0eb14407b9dc7acc122af1b738b706ca3,2261
    pantry-tree:
      sha256: b8bdc2259e2f943a7252fb164805666fe108ac959d398e0af27b43ba2ebc241c
      size: 1713
  original:
    hackage: mtl-2.2.2
snapshots: []
