# This file was autogenerated by Stack.
# You should not edit this file by hand.
# For more information, please see the documentation at:
#   https://docs.haskellstack.org/en/stable/lock_files

packages:
- completed:
    hackage: stm-2.4.4.1@sha256:49cfd80cba95f84d42eda0045346c8a567df5ce434d4da3d26ac3e977826fc4f,1563
    pantry-tree:
      sha256: 54c488c9302afdfdfd22c639764e057bbf38d44b5e2007e4809d54a56c15b653
      size: 898
  original:
    hackage: stm-2.4.4.1
- completed:
    hackage: mtl-2.2.1@sha256:0f7c5e9e2bfa8c1102d38cd57b258b2cf519f3aae65451c8f3fccb472cb8e3c1,1801
    pantry-tree:
      sha256: b780d0c8065f6f449cd5eca75e5faec1e3d5c28a6b8beb2f3e7ba57cceec43c4
      size: 1657
  original:
    hackage: mtl-2.2.1
snapshots: []
