# This file was autogenerated by Stack.
# You should not edit this file by hand.
# For more information, please see the documentation at:
#   https://docs.haskellstack.org/en/stable/lock_files

packages: []
snapshots:
- completed:
    sha256: a25fd287afcd300f35a2019a03c990169f7507ae0f43dfec763062c9ad891193
    size: 667855
    url: https://raw.githubusercontent.com/commercialhaskell/stackage-snapshots/master/nightly/2023/9/16.yaml
  original: nightly-2023-09-16
