# This file was autogenerated by Stack.
# You should not edit this file by hand.
# For more information, please see the documentation at:
#   https://docs.haskellstack.org/en/stable/topics/lock_files

packages:
- completed:
    hackage: pantry-0.11.0@sha256:d23aad04f560280264bde7a8d20ed158a668c037c303dc00793d8af61176c491,7542
    pantry-tree:
      sha256: 0b8e1d77c3ea3d95a544fadfeaa4c92ec63c581f778fd65036395eaa021686c2
      size: 2722
  original:
    hackage: pantry-0.11.0@sha256:d23aad04f560280264bde7a8d20ed158a668c037c303dc00793d8af61176c491,7542
snapshots:
- completed:
    sha256: e9987925aaaa3d5bea1ae4a83f1e1e7ce76817072f760500b61aef39213d2c88
    size: 672916
    url: https://raw.githubusercontent.com/commercialhaskell/stackage-snapshots/master/nightly/2025/7/30.yaml
  original: nightly-2025-07-30
