# This file was autogenerated by Stack.
# You should not edit this file by hand.
# For more information, please see the documentation at:
#   https://docs.haskellstack.org/en/stable/lock_files

packages:
- completed:
    hackage: Cabal-3.10.1.0@sha256:6d11adf7847d9734e7b02785ff831b5a0d11536bfbcefd6634b2b08411c63c94,12316
    pantry-tree:
      sha256: 3d175ab2e29f17494599bf5844d0037d01fd04287ac5d50c5c788b0633a8ee6f
      size: 9223
  original:
    hackage: Cabal-3.10.1.0@sha256:6d11adf7847d9734e7b02785ff831b5a0d11536bfbcefd6634b2b08411c63c94,12316
- completed:
    hackage: pantry-0.9.3.1@sha256:43c3a42eff128814a3bae33c257692e8e45ea72f83add4c0fc1ae5f8fc19aef1,7844
    pantry-tree:
      sha256: 2b4eee9a87f8a7f1def494a7393f7b581d49fa4cad642a1e7fdd45a28d5c9ac0
      size: 2665
  original:
    hackage: pantry-0.9.3.1@sha256:43c3a42eff128814a3bae33c257692e8e45ea72f83add4c0fc1ae5f8fc19aef1,7844
- completed:
    hackage: process-1.6.18.0@sha256:cd0a3e0376b5a8525983d3131a31e52f9ffefc278ce635eec45a9d3987b8be3e,3025
    pantry-tree:
      sha256: 3f9fef1f9a6ed1a6923578ada0bc8c16d016344cc67614473384524334463cc2
      size: 1675
  original:
    hackage: process-1.6.18.0@sha256:cd0a3e0376b5a8525983d3131a31e52f9ffefc278ce635eec45a9d3987b8be3e,3025
snapshots:
- completed:
    sha256: 4bd22736896cecf9e1f3f6193e82b065d06c2bf5b5ec97d0079409d6d35f1f82
    size: 710668
    url: https://raw.githubusercontent.com/commercialhaskell/stackage-snapshots/master/nightly/2023/12/8.yaml
  original: nightly-2023-12-08
