# This file was autogenerated by Stack.
# You should not edit this file by hand.
# For more information, please see the documentation at:
#   https://docs.haskellstack.org/en/stable/topics/lock_files

packages:
- completed:
    hackage: Cabal-3.16.1.0@sha256:39873317ab895194547c3fd72c91cdb97c800a49b2656920854747ee466627ca,14459
    pantry-tree:
      sha256: b6ac49163659ec305805fc0d2c0564c35fac7132f4c5be6689d0c80a6405ecf0
      size: 12139
  original:
    hackage: Cabal-3.16.1.0@sha256:39873317ab895194547c3fd72c91cdb97c800a49b2656920854747ee466627ca,14459
- completed:
    hackage: Cabal-syntax-3.16.1.0@sha256:17cf54d07d7aa65ea24ba4045912b8a8af065f10e429fd1811d43810b313c504,7778
    pantry-tree:
      sha256: 1db24d3ca877095a7c4f99fda3c58155a33d8041dfe9faa886420c43572330a3
      size: 11238
  original:
    hackage: Cabal-syntax-3.16.1.0@sha256:17cf54d07d7aa65ea24ba4045912b8a8af065f10e429fd1811d43810b313c504,7778
- completed:
    hackage: http-download-0.2.2.0@sha256:cfe4722fcbad837db43b5758a49b6ea54b9fd475b1825b622e25f96a8406a4d0,1812
    pantry-tree:
      sha256: 24abfb5cdd8d359cd58a084e67b394418f58f48940e66dfbeedfb62e839522ab
      size: 393
  original:
    hackage: http-download-0.2.2.0@sha256:cfe4722fcbad837db43b5758a49b6ea54b9fd475b1825b622e25f96a8406a4d0,1812
- completed:
    hackage: pantry-0.11.3@sha256:96fa2c7fa6cee9e470f984da567492f6bfaee058d14c1456f4f79b68a78d7be2,7668
    pantry-tree:
      sha256: bedd749e9cfdb8adb1a253b34a3350aa89f5ca903aa341579351ce0a937af1f5
      size: 2722
  original:
    hackage: pantry-0.11.3@sha256:96fa2c7fa6cee9e470f984da567492f6bfaee058d14c1456f4f79b68a78d7be2,7668
- completed:
    hackage: semaphore-compat-1.0.0@sha256:2dff81c2c0ec9bac9f8bae364db497188654d2e1e4330f4a0e2f12310149f3e9,1176
    pantry-tree:
      sha256: 73f47245a0a2804e907df243638bef51c8b815c3dd5e6a016dbb61628353197e
      size: 277
  original:
    hackage: semaphore-compat-1.0.0@sha256:2dff81c2c0ec9bac9f8bae364db497188654d2e1e4330f4a0e2f12310149f3e9,1176
snapshots:
- completed:
    sha256: 7aed37f3f67db7b404c9b477077c0c9bc5fbefa709c5e0a231131869e631de56
    size: 753931
    url: https://raw.githubusercontent.com/commercialhaskell/stackage-snapshots/master/nightly/2026/7/2.yaml
  original: nightly-2026-07-02
