# This file was autogenerated by Stack.
# You should not edit this file by hand.
# For more information, please see the documentation at:
#   https://docs.haskellstack.org/en/stable/lock_files

packages:
- completed:
    hackage: aeson-warning-parser-0.1.0@sha256:f2c1c42b73aa35d352060abcbb867c410cbbf57d0cb0fed607bcd1e2a74954ad,1308
    pantry-tree:
      sha256: 645c42c1e52c3a0e7fcedf06cd97d1fca590bf83a0eb19eed08314f4a3cf6b5f
      size: 336
  original:
    hackage: aeson-warning-parser-0.1.0@sha256:f2c1c42b73aa35d352060abcbb867c410cbbf57d0cb0fed607bcd1e2a74954ad,1308
- completed:
    hackage: companion-0.1.0@sha256:99f6de52c832d433639232a6d77d33abbca3b3037e49b7db6242fb9f569a8a2b,1093
    pantry-tree:
      sha256: 7d36c8a038ab4db197c0a395c63523b47beec9f6c72a64271bb0f6b112d1ebd1
      size: 328
  original:
    hackage: companion-0.1.0@sha256:99f6de52c832d433639232a6d77d33abbca3b3037e49b7db6242fb9f569a8a2b,1093
- completed:
    hackage: pantry-0.9.1@sha256:69058b32be71d0fbc51727ddd677eb6429657c2c1cebbd9802e6b4f8a5eda51c,7530
    pantry-tree:
      sha256: b3bbe99504efc22d7f0d776cb6ecd692df435966f0107eeb4d5ba9085f99b56a
      size: 2665
  original:
    hackage: pantry-0.9.1@sha256:69058b32be71d0fbc51727ddd677eb6429657c2c1cebbd9802e6b4f8a5eda51c,7530
- completed:
    hackage: static-bytes-0.1.0@sha256:35dbf30f617baa0151682c97687042516be07872a39984f9fe31f78125b962bf,1627
    pantry-tree:
      sha256: 38980443d7bdf00dde4c34babbb1e4b858cdc3aca8973c50f22444cfb03135a2
      size: 440
  original:
    hackage: static-bytes-0.1.0@sha256:35dbf30f617baa0151682c97687042516be07872a39984f9fe31f78125b962bf,1627
snapshots:
- completed:
    sha256: e6825044233a0f06f996833b7775a31d6134c79a0e89d33c78663da9bacd3d08
    size: 553202
    url: https://raw.githubusercontent.com/commercialhaskell/stackage-snapshots/master/nightly/2023/7/15.yaml
  original: nightly-2023-07-15
