# This file was autogenerated by Stack.
# You should not edit this file by hand.
# For more information, please see the documentation at:
#   https://docs.haskellstack.org/en/stable/topics/lock_files

packages:
- completed:
    hackage: aeson-warning-parser-0.1.1@sha256:e5b81492d39bfe5de99fdc838e54e0fc0f2e290eb9fcfd4531cabf24baeada76,1353
    pantry-tree:
      sha256: 4bb68448db0906d7b6a189f2eaf1053bd925ab047e290cabd2976fbace560d73
      size: 336
  original:
    hackage: aeson-warning-parser-0.1.1@sha256:e5b81492d39bfe5de99fdc838e54e0fc0f2e290eb9fcfd4531cabf24baeada76,1353
- completed:
    hackage: http-download-0.2.1.0@sha256:a97863e96f7d44efc3d0e3061db7fe2540b8374ca44ae90d0b56040140cb7506,1716
    pantry-tree:
      sha256: fefc789f5b1c1891488b6b45b12423055ec0ddc8027ef6b5a4b871e2934b9f29
      size: 393
  original:
    hackage: http-download-0.2.1.0@sha256:a97863e96f7d44efc3d0e3061db7fe2540b8374ca44ae90d0b56040140cb7506,1716
- completed:
    hackage: pantry-0.10.0@sha256:d13f99099753b0acf0695a00dc4d82f2671d3c604161d169ac0fc8fcf3004dec,7912
    pantry-tree:
      sha256: 9b2d3bc9156c7daed86c591ccf777ccf86973baf4072c953d5fbd30d64d06f55
      size: 2722
  original:
    hackage: pantry-0.10.0@sha256:d13f99099753b0acf0695a00dc4d82f2671d3c604161d169ac0fc8fcf3004dec,7912
- completed:
    hackage: path-0.9.6@sha256:63c2783d76c425514b2904e392f487921de823d883dcc629d7eaad36930198ce,5531
    pantry-tree:
      sha256: c791fe08026c1856bfd8fe4ae6b93e86ffcfbd59b3b4644560a71b734dd4b20e
      size: 3146
  original:
    hackage: path-0.9.6@sha256:63c2783d76c425514b2904e392f487921de823d883dcc629d7eaad36930198ce,5531
- completed:
    hackage: path-io-1.8.2@sha256:97725811b06f3fea7c1f2b0b39f21806c2f90470fc571acd75d3606b49b0f0d9,2009
    pantry-tree:
      sha256: 14dc5dc9c1f71b2568390ff7f1ad7f8237101ee98a05fe82068e9479468416cb
      size: 318
  original:
    hackage: path-io-1.8.2@sha256:97725811b06f3fea7c1f2b0b39f21806c2f90470fc571acd75d3606b49b0f0d9,2009
- completed:
    hackage: rio-prettyprint-0.1.8.0@sha256:28a034bfa2842043d4603800e47943027677746cca0b3b8088aee10168870105,1428
    pantry-tree:
      sha256: 69850784d99d1c44e85f934433abafad729f87fdc40d375c590c8d4a1cb2886d
      size: 779
  original:
    hackage: rio-prettyprint-0.1.8.0@sha256:28a034bfa2842043d4603800e47943027677746cca0b3b8088aee10168870105,1428
snapshots:
- completed:
    sha256: 115674151ad964c0fd97e784ce76b5c5ec0a7f09cd2ddbcaaa4f9f3f1899fd69
    size: 611659
    url: https://raw.githubusercontent.com/commercialhaskell/stackage-snapshots/master/nightly/2024/12/16.yaml
  original: nightly-2024-12-16
