# This file was autogenerated by Stack.
# You should not edit this file by hand.
# For more information, please see the documentation at:
#   https://docs.haskellstack.org/en/stable/topics/lock_files

packages:
- completed:
    hackage: tls-2.1.0@sha256:39f9a6183a6dafc3365e99f4f3b99a55154f8a3a3114d9475459a066f56a3a32,6173
    pantry-tree:
      sha256: eaa57b1302d6e68d064f126094360df6ecb7cf5e1c79837bf832595eb800590a
      size: 6452
  original:
    hackage: tls-2.1.0@sha256:39f9a6183a6dafc3365e99f4f3b99a55154f8a3a3114d9475459a066f56a3a32,6173
snapshots:
- completed:
    sha256: 5d80ca5179d9b3eb14e040b140de79a00d2e22ce8ad93905fafaeaef80724793
    size: 668755
    url: https://raw.githubusercontent.com/commercialhaskell/stackage-snapshots/master/nightly/2024/10/24.yaml
  original: nightly-2024-10-24
