# This file was autogenerated by Stack.
# You should not edit this file by hand.
# For more information, please see the documentation at:
#   https://docs.haskellstack.org/en/stable/topics/lock_files

packages:
- completed:
    hackage: Cabal-3.16.0.0@sha256:9972c2bd263168a20bd990962a68d4fd024f50c30a00519a6b942e8871d1bd67,14455
    pantry-tree:
      sha256: ddc689c4070a034cacd73c39c1df2673ed16e0b38b5ca476fc6ef2aa87b6f40f
      size: 12139
  original:
    hackage: Cabal-3.16.0.0@sha256:9972c2bd263168a20bd990962a68d4fd024f50c30a00519a6b942e8871d1bd67,14455
- completed:
    hackage: Cabal-syntax-3.16.0.0@sha256:6a35036763557301876c5b7a448de4f1cb54fe1e223ff6c4c0c1fdd6df635a65,7509
    pantry-tree:
      sha256: 4de976261238dd4045dd3addebf6a006d4aff3873ee680bac7af83dcbf068280
      size: 11238
  original:
    hackage: Cabal-syntax-3.16.0.0@sha256:6a35036763557301876c5b7a448de4f1cb54fe1e223ff6c4c0c1fdd6df635a65,7509
snapshots:
- completed:
    sha256: b55db959b8fa7b6e87f83cfca88db0d54126158fbf8501a658c4642ba229b27c
    size: 716307
    url: https://raw.githubusercontent.com/commercialhaskell/stackage-snapshots/master/nightly/2026/1/4.yaml
  original: nightly-2026-01-04
