# This file was autogenerated by Stack.
# You should not edit this file by hand.
# For more information, please see the documentation at:
#   https://docs.haskellstack.org/en/stable/topics/lock_files

packages:
- completed:
    hackage: Cabal-3.16.1.0@sha256:39873317ab895194547c3fd72c91cdb97c800a49b2656920854747ee466627ca,14459
    pantry-tree:
      sha256: b6ac49163659ec305805fc0d2c0564c35fac7132f4c5be6689d0c80a6405ecf0
      size: 12139
  original:
    hackage: Cabal-3.16.1.0@sha256:39873317ab895194547c3fd72c91cdb97c800a49b2656920854747ee466627ca,14459
- completed:
    hackage: Cabal-syntax-3.16.1.0@sha256:17cf54d07d7aa65ea24ba4045912b8a8af065f10e429fd1811d43810b313c504,7778
    pantry-tree:
      sha256: 1db24d3ca877095a7c4f99fda3c58155a33d8041dfe9faa886420c43572330a3
      size: 11238
  original:
    hackage: Cabal-syntax-3.16.1.0@sha256:17cf54d07d7aa65ea24ba4045912b8a8af065f10e429fd1811d43810b313c504,7778
- completed:
    hackage: crypton-x509-1.8.0@sha256:d4822ba8dcb19ee3233fc98152f5afda383ac952770a1d07f1d01168e9fcdbc2,2006
    pantry-tree:
      sha256: 882a699e305fffcb77dd40bd40f959f062a8997a53560dca64462087aed3e4cd
      size: 1132
  original:
    hackage: crypton-x509-1.8.0@sha256:d4822ba8dcb19ee3233fc98152f5afda383ac952770a1d07f1d01168e9fcdbc2,2006
- completed:
    hackage: crypton-x509-store-1.8.0@sha256:075ba50a3daa0fdbb493481a665926e1ced2135c6b4ed56f97398aa855f0aecb,1674
    pantry-tree:
      sha256: 2c7e00e593d399624264172cbd5e2fa55feaf8239cf33bee7e33bbc7509d0a2e
      size: 458
  original:
    hackage: crypton-x509-store-1.8.0@sha256:075ba50a3daa0fdbb493481a665926e1ced2135c6b4ed56f97398aa855f0aecb,1674
- completed:
    hackage: crypton-x509-system-1.8.0@sha256:76bab32c7d9cb3ea356a905f85829c70967fb6f9b4b890f00d67dc54130d45ca,1521
    pantry-tree:
      sha256: 9ac33c993a82ac4da84804028c5398caec7aada7a83beeec3f28883fe470d68f
      size: 512
  original:
    hackage: crypton-x509-system-1.8.0@sha256:76bab32c7d9cb3ea356a905f85829c70967fb6f9b4b890f00d67dc54130d45ca,1521
- completed:
    hackage: crypton-x509-validation-1.8.0@sha256:63acb2df06f28c3ffdddaf6d9402105b9026796036aa10d7347ae4f7db51c36b,2018
    pantry-tree:
      sha256: 64baf1be6e65ade9ad8eaef819c9cc4c0fcb7d3b968641dcf28a3f859fe87dc5
      size: 691
  original:
    hackage: crypton-x509-validation-1.8.0@sha256:63acb2df06f28c3ffdddaf6d9402105b9026796036aa10d7347ae4f7db51c36b,2018
- completed:
    hackage: hpack-0.39.6@sha256:3dcd46245401aec2239ff63680880f04817635c7df00ee8ebe2bea9b57393891,5263
    pantry-tree:
      sha256: c8839695b53b682930d9a359357d1c6b7ded84a1e16d5b75ab7c77c99c3561f8
      size: 3799
  original:
    hackage: hpack-0.39.6@sha256:3dcd46245401aec2239ff63680880f04817635c7df00ee8ebe2bea9b57393891,5263
- completed:
    hackage: open-browser-0.5.0.0@sha256:0df6c833fd8abcd8e819c43c618487844f21243a40078eb084f707cfb6e06bbf,1959
    pantry-tree:
      sha256: 5462c6d2fed975e6b34830995320d7b1429c23d8ef194de99a7cc9b4cf261cbc
      size: 673
  original:
    hackage: open-browser-0.5.0.0@sha256:0df6c833fd8abcd8e819c43c618487844f21243a40078eb084f707cfb6e06bbf,1959
- completed:
    hackage: tls-2.2.2@sha256:95f5acd4ce76cbd6bdc46b737370dcbd93c59cf1cd1934a30e55c61c1dc140e9,7283
    pantry-tree:
      sha256: 6ddac1e644efe75dbf62bbd35fa38897caca307d62bac538ae29b0c54bf6ff00
      size: 7056
  original:
    hackage: tls-2.2.2@sha256:95f5acd4ce76cbd6bdc46b737370dcbd93c59cf1cd1934a30e55c61c1dc140e9,7283
- completed:
    hackage: semaphore-compat-1.0.0@sha256:2dff81c2c0ec9bac9f8bae364db497188654d2e1e4330f4a0e2f12310149f3e9,1176
    pantry-tree:
      sha256: 73f47245a0a2804e907df243638bef51c8b815c3dd5e6a016dbb61628353197e
      size: 277
  original:
    hackage: semaphore-compat-1.0.0
snapshots:
- completed:
    sha256: 26504b113016bff86ea8678fc3e477ee8a73ac066912c176a241e0f162c31f76
    size: 761077
    url: https://raw.githubusercontent.com/commercialhaskell/stackage-snapshots/master/nightly/2026/6/22.yaml
  original: nightly-2026-06-22
