# This file was autogenerated by Stack.
# You should not edit this file by hand.
# For more information, please see the documentation at:
#   https://docs.haskellstack.org/en/stable/topics/lock_files

packages: []
snapshots:
- completed:
    sha256: 43d3abb6ca9a15ad51958157b198f371027cfd3e0679fffc6c868e09d9ac4763
    size: 712839
    url: https://raw.githubusercontent.com/commercialhaskell/stackage-snapshots/master/nightly/2025/12/19.yaml
  original: nightly-2025-12-19
