# This file was autogenerated by Stack.
# You should not edit this file by hand.
# For more information, please see the documentation at:
#   https://docs.haskellstack.org/en/stable/lock_files

packages:
- completed:
    hackage: Cabal-3.12.0.0@sha256:f4db0d1b6afe3474e2d2097e701a96f84596735a03768ee64b1d17362b12e587,13547
    pantry-tree:
      sha256: 0a36039c03e7bacf3a1fccefaa6d817612f3be0e4c4bd5be9a75e20442e87b1d
      size: 11798
  original:
    hackage: Cabal-3.12.0.0
- completed:
    hackage: Cabal-syntax-3.12.0.0@sha256:f0addf18b89da27face98be54cd8f072ba38951ee5a98d9b0c53a865ea28a4ea,7648
    pantry-tree:
      sha256: bb2aa37b7c1e3384b3856a6adfc4dd39c11c25912087f226c524f435b22329e4
      size: 11051
  original:
    hackage: Cabal-syntax-3.12.0.0
- completed:
    hackage: Win32-2.14.0.0@sha256:e34af84fec733b5c0c8f052ec39499785e719e2fbbe308983adf26c82ea3704d,5942
    pantry-tree:
      sha256: 3de8c6a631c3f215e944c13e3ad219951f1784006fabeb8f969b0390ac2192fb
      size: 8300
  original:
    hackage: Win32-2.14.0.0
- completed:
    hackage: directory-1.3.8.3@sha256:0aa305acf5d6026647a5f7461ff81d65cffdf6082790ab0bf70763a4f2bdfe6c,3306
    pantry-tree:
      sha256: bdb639fcfcb69a5b670fb58482d4ad8e0e1c202b4fe4fbde54cc60823813671f
      size: 3519
  original:
    hackage: directory-1.3.8.3@rev:3
- completed:
    hackage: filepath-1.5.2.0@sha256:8af7a843cba7eddc8d44ae94002b766ee8c23cbcd3ecdb2cc79ee6e0a694419a,5178
    pantry-tree:
      sha256: 8886e236bfc70fc290bdc711f986a871f9e175d4355c7b1307b565c40c596c77
      size: 2196
  original:
    hackage: filepath-1.5.2.0
- completed:
    hackage: ghc-boot-9.10.1@sha256:d3ce1622dae3d02964603cd9a27f39856065884ce7b7224793de895b26a0556c,3125
    pantry-tree:
      sha256: e85b58954517890c7f0ff73c2c9cc9c18678b280f260070f65f90ddfd5b0c15e
      size: 942
  original:
    hackage: ghc-boot-9.10.1
- completed:
    hackage: hpc-0.7.0.1@sha256:637509832c52b3dcb8013e07cf2f73358df789737e4ba865cbb9baf4481734ca,1170
    pantry-tree:
      sha256: 50daf61b7f38d5bbc847713d1fb7ce30ca00f09130f649de321afd217b3e90a4
      size: 433
  original:
    hackage: hpc-0.7.0.1@rev:1
- completed:
    hackage: http-api-data-0.6.1@sha256:f7fbff94524714b9d319a864aa61b8a63a520fc9a3b5d4eca3ebdfc8e6109566,3228
    pantry-tree:
      sha256: c709779a9ed1858603bf238d68fa303841b7e46a671564578d2ad49db4633a5d
      size: 819
  original:
    hackage: http-api-data-0.6.1
- completed:
    hackage: process-1.6.19.0@sha256:807bfa9b4038b59ae0c362bd94a783f898fbe0b42dbe1f2ede3c392bf2b8727d,3148
    pantry-tree:
      sha256: bf6056cc0e82ed9d85ab01ab57aea03c2202677a2c3015b686eb20993407816b
      size: 1675
  original:
    hackage: process-1.6.19.0@rev:1
- completed:
    hackage: time-1.12.2@sha256:88e8493d9130038d3b9968a2530a0900141cd3d938483c83dde56e12b875ebc8,6510
    pantry-tree:
      sha256: de0ab314661da3788b5dad20254e44929b1659b00d32b5a0cd54922a05e006e8
      size: 7264
  original:
    hackage: time-1.12.2
- completed:
    hackage: unix-2.8.5.1@sha256:3f702a252a313a7bcb56e3908a14e7f9f1b40e41b7bdc8ae8a9605a1a8686f06,9808
    pantry-tree:
      sha256: b961320db69795a16c4ef4eebb0a3e7ddbbbe506fa1e22dde95ee8d8501bfbe5
      size: 5821
  original:
    hackage: unix-2.8.5.1
- completed:
    hackage: uuid-types-1.0.6@sha256:7cb34342914f1be68dbdf2dec35c27d360160848ce5a79ad2c1a990fefd1d855,2582
    pantry-tree:
      sha256: 73e7029b6faeb88f5395e72ed38fcef197b9077c38f9f8f34039f209e75d4806
      size: 480
  original:
    hackage: uuid-types-1.0.6
snapshots:
- completed:
    sha256: c6e4cd173fb499ea2865dd89ef283f85e7c306972b5039a4f96c6371e37c2118
    size: 656842
    url: https://raw.githubusercontent.com/commercialhaskell/stackage-snapshots/master/nightly/2024/7/28.yaml
  original: nightly-2024-07-28
