# This file was autogenerated by Stack.
# You should not edit this file by hand.
# For more information, please see the documentation at:
#   https://docs.haskellstack.org/en/stable/topics/lock_files

packages: []
snapshots:
- completed:
    sha256: 28105fd76386569f72c84978edbf017e006f5ee3957bb578f79bcd40db1376b9
    size: 653612
    url: https://raw.githubusercontent.com/commercialhaskell/stackage-snapshots/master/nightly/2025/2/15.yaml
  original: nightly-2025-02-15
