# This file was autogenerated by Stack.
# You should not edit this file by hand.
# For more information, please see the documentation at:
#   https://docs.haskellstack.org/en/stable/topics/lock_files

packages: []
snapshots:
- completed:
    sha256: d9a180517c3dd43272cb4191bbe1f64bb01cc8336a2213f2b3f19a7ce35885fe
    size: 678856
    url: https://raw.githubusercontent.com/commercialhaskell/stackage-snapshots/master/nightly/2024/12/7.yaml
  original: nightly-2024-12-07
