# This file was autogenerated by Stack.
# You should not edit this file by hand.
# For more information, please see the documentation at:
#   https://docs.haskellstack.org/en/stable/lock_files

packages:
- completed:
    hackage: process-1.6.15.0@sha256:04df32d9497add5f0b90a27a3eceffa4bad5c2f41d038bd12ed6efc454db3faf,2845
    pantry-tree:
      sha256: 291f5800ffb87af7ed910582ae0ec00ef9ffab0643ed62c36fcfe58c52e90a24
      size: 1545
  original:
    hackage: process-1.6.15.0@sha256:04df32d9497add5f0b90a27a3eceffa4bad5c2f41d038bd12ed6efc454db3faf,2845
- completed:
    hackage: Cabal-3.6.3.0@sha256:ff97c442b0c679c1c9876acd15f73ac4f602b973c45bde42b43ec28265ee48f4,12459
    pantry-tree:
      sha256: b250a53bdb56844f047a2927833bb565b936a289abfa85dfc2a63148d776368a
      size: 19757
  original:
    hackage: Cabal-3.6.3.0@sha256:ff97c442b0c679c1c9876acd15f73ac4f602b973c45bde42b43ec28265ee48f4,12459
- completed:
    hackage: pantry-0.6.0@sha256:c87056df8151441911bece5c09d11738110284dc1eacb292686aa33c4308c8c2,4099
    pantry-tree:
      sha256: a6ed2ac03d6ef3c156bf01390e70751c13cdfbdb2a24f626f5a3024d552f302d
      size: 2524
  original:
    hackage: pantry-0.6.0@sha256:c87056df8151441911bece5c09d11738110284dc1eacb292686aa33c4308c8c2,4099
snapshots:
- completed:
    sha256: 1c049df0b264500e22262aa42a6f0a81cddd639cfd04f55c4acb0359f282dab2
    size: 633665
    url: https://raw.githubusercontent.com/commercialhaskell/stackage-snapshots/master/nightly/2022/9/5.yaml
  original: nightly-2022-09-05
