# This file was autogenerated by Stack.
# You should not edit this file by hand.
# For more information, please see the documentation at:
#   https://docs.haskellstack.org/en/stable/lock_files

packages: []
snapshots:
- completed:
    sha256: b7a0a7e0137557ae2caa9d4f20fcca1f8b190e5098a5d54e6c5166b3e88856a5
    size: 669538
    url: https://raw.githubusercontent.com/commercialhaskell/stackage-snapshots/master/nightly/2023/9/24.yaml
  original: nightly-2023-09-24
