# This file was autogenerated by Stack.
# You should not edit this file by hand.
# For more information, please see the documentation at:
#   https://docs.haskellstack.org/en/stable/lock_files

packages: []
snapshots:
- completed:
    sha256: 25b585cc0b1029154920e2502aee956ba77df7b29b8aabe6829c080edafc1504
    size: 577723
    url: https://raw.githubusercontent.com/commercialhaskell/stackage-snapshots/master/nightly/2023/1/13.yaml
  original: nightly-2023-01-13
