# This file was autogenerated by Stack.
# You should not edit this file by hand.
# For more information, please see the documentation at:
#   https://docs.haskellstack.org/en/stable/lock_files

packages: []
snapshots:
- completed:
    sha256: ebdaf8d4d6b365aac63aa06e57053313953d7a37d3eb84b0bbf5398734044952
    size: 557524
    url: https://raw.githubusercontent.com/commercialhaskell/stackage-snapshots/master/nightly/2024/1/17.yaml
  original: nightly-2024-01-17
