# This file was autogenerated by Stack.
# You should not edit this file by hand.
# For more information, please see the documentation at:
#   https://docs.haskellstack.org/en/stable/lock_files

packages: []
snapshots:
- completed:
    sha256: 123d150c51c680f70864cb020315927fa4607f418d3dcccf25fd3a6263dc6717
    size: 563652
    url: https://raw.githubusercontent.com/commercialhaskell/stackage-snapshots/master/nightly/2022/12/22.yaml
  original: nightly-2022-12-22
