# This file was autogenerated by Stack.
# You should not edit this file by hand.
# For more information, please see the documentation at:
#   https://docs.haskellstack.org/en/stable/lock_files

packages:
- completed:
    hackage: ansi-terminal-1.0@sha256:640ffecfd95471388d939fcacb57bdc0cef15f0457746c234a12cdd5a6c6d1e8,2706
    pantry-tree:
      sha256: d2028688664a01877fcbf4a7dc820574bec07f17393e570a98c00c49cd28d5cf
      size: 1061
  original:
    hackage: ansi-terminal-1.0@sha256:640ffecfd95471388d939fcacb57bdc0cef15f0457746c234a12cdd5a6c6d1e8,2706
- completed:
    hackage: ansi-wl-pprint-1.0.2@sha256:b817853b5310b8e7847469847608b664c3e75b4b30c332f2cb8c0d00751ef9c1,1915
    pantry-tree:
      sha256: 3be652ff37d9ff697cb60ac1a7c544ee2cfb22f56e570f800f896355e04dd2e1
      size: 390
  original:
    hackage: ansi-wl-pprint-1.0.2@sha256:b817853b5310b8e7847469847608b664c3e75b4b30c332f2cb8c0d00751ef9c1,1915
- completed:
    hackage: optparse-applicative-0.18.1.0@sha256:b4cf8d9018e5e67cb1f14edb5130b6d05ad8bc1b5f6bd4efaa6ec0b7f28f559d,5132
    pantry-tree:
      sha256: 32f52adc150eb146bf4d167ff0cb21fc1e3cd7ecc1b9e5e83b986a1cd1bc58cd
      size: 3124
  original:
    hackage: optparse-applicative-0.18.1.0@sha256:b4cf8d9018e5e67cb1f14edb5130b6d05ad8bc1b5f6bd4efaa6ec0b7f28f559d,5132
- completed:
    hackage: optparse-generic-1.5.0@sha256:1de163cf439350d2c5817dd9067b51eeb62d6fdd4e2f0a70c06c9e1b931c38d7,2285
    pantry-tree:
      sha256: a526054c13aa0bfdb80af0a99ec62520347ac2e4cfc4fe29b105d0047864cd1e
      size: 411
  original:
    hackage: optparse-generic-1.5.0@sha256:1de163cf439350d2c5817dd9067b51eeb62d6fdd4e2f0a70c06c9e1b931c38d7,2285
snapshots:
- completed:
    sha256: bd34dcded0f9d502275871b7bcd9bbe356bf060276bc6b62fb9e8a225589c74c
    size: 639151
    url: https://raw.githubusercontent.com/commercialhaskell/stackage-snapshots/master/lts/21/2.yaml
  original: lts-21.2
