# This file was autogenerated by Stack.
# You should not edit this file by hand.
# For more information, please see the documentation at:
#   https://docs.haskellstack.org/en/stable/lock_files

packages: []
snapshots:
- completed:
    sha256: 876a5c75d90718add42e1ad36d66000bf35050ce1c66748119897a32df613186
    size: 563963
    url: https://raw.githubusercontent.com/commercialhaskell/stackage-snapshots/master/nightly/2024/1/26.yaml
  original: nightly-2024-01-26
