# This file was autogenerated by Stack.
# You should not edit this file by hand.
# For more information, please see the documentation at:
#   https://docs.haskellstack.org/en/stable/topics/lock_files

packages: []
snapshots:
- completed:
    sha256: 47a4c110af9a5c55e3135bbf7cec3a6e5451ba3bfa50a06f0443012a2642fbc0
    size: 674536
    url: https://raw.githubusercontent.com/commercialhaskell/stackage-snapshots/master/nightly/2025/4/3.yaml
  original: nightly-2025-04-03
