# This file was autogenerated by Stack.
# You should not edit this file by hand.
# For more information, please see the documentation at:
#   https://docs.haskellstack.org/en/stable/lock_files

packages: []
snapshots:
- completed:
    sha256: 6a98a10788c0e382d4ab3a2d0aa74175b42f191e0f1c57956e70eacb41de9b4a
    size: 599682
    url: https://raw.githubusercontent.com/commercialhaskell/stackage-snapshots/master/nightly/2023/3/20.yaml
  original: nightly-2023-03-20
