# This file was autogenerated by Stack.
# You should not edit this file by hand.
# For more information, please see the documentation at:
#   https://docs.haskellstack.org/en/stable/topics/lock_files

packages: []
snapshots:
- completed:
    sha256: e2db3fd26a8f5f488d7ac73845b1445b4343dbd3f82a3b454c7eef01bbdf2253
    size: 687336
    url: https://raw.githubusercontent.com/commercialhaskell/stackage-snapshots/master/nightly/2025/8/23.yaml
  original: nightly-2025-08-23
