# This file was autogenerated by Stack.
# You should not edit this file by hand.
# For more information, please see the documentation at:
#   https://docs.haskellstack.org/en/stable/lock_files

packages: []
snapshots:
- completed:
    sha256: 5263c5cd05907ff6625e22009db2774a9d7d88fc713d8e41619b284a132f5923
    size: 675308
    url: https://raw.githubusercontent.com/commercialhaskell/stackage-snapshots/master/nightly/2023/10/1.yaml
  original: nightly-2023-10-01
