# This file was autogenerated by Stack.
# You should not edit this file by hand.
# For more information, please see the documentation at:
#   https://docs.haskellstack.org/en/stable/lock_files

packages:
- completed:
    hackage: aeson-warning-parser-0.1.0@sha256:f2c1c42b73aa35d352060abcbb867c410cbbf57d0cb0fed607bcd1e2a74954ad,1308
    pantry-tree:
      sha256: 645c42c1e52c3a0e7fcedf06cd97d1fca590bf83a0eb19eed08314f4a3cf6b5f
      size: 336
  original:
    hackage: aeson-warning-parser-0.1.0@sha256:f2c1c42b73aa35d352060abcbb867c410cbbf57d0cb0fed607bcd1e2a74954ad,1308
- completed:
    hackage: ansi-terminal-1.0@sha256:640ffecfd95471388d939fcacb57bdc0cef15f0457746c234a12cdd5a6c6d1e8,2706
    pantry-tree:
      sha256: d2028688664a01877fcbf4a7dc820574bec07f17393e570a98c00c49cd28d5cf
      size: 1061
  original:
    hackage: ansi-terminal-1.0@sha256:640ffecfd95471388d939fcacb57bdc0cef15f0457746c234a12cdd5a6c6d1e8,2706
- completed:
    hackage: ansi-wl-pprint-1.0.2@sha256:b817853b5310b8e7847469847608b664c3e75b4b30c332f2cb8c0d00751ef9c1,1915
    pantry-tree:
      sha256: 3be652ff37d9ff697cb60ac1a7c544ee2cfb22f56e570f800f896355e04dd2e1
      size: 390
  original:
    hackage: ansi-wl-pprint-1.0.2@sha256:b817853b5310b8e7847469847608b664c3e75b4b30c332f2cb8c0d00751ef9c1,1915
- completed:
    hackage: casa-client-0.0.2@sha256:1e27a6678c511b3372c4e97ab1a4a9eca4eca8a0a090eac103a1806ce7c8584d,888
    pantry-tree:
      sha256: c72d43eca832cc3c9a3074e86b39815de788cda6de966dfae4471194e9abd17d
      size: 167
  original:
    hackage: casa-client-0.0.2@sha256:1e27a6678c511b3372c4e97ab1a4a9eca4eca8a0a090eac103a1806ce7c8584d,888
- completed:
    hackage: companion-0.1.0@sha256:99f6de52c832d433639232a6d77d33abbca3b3037e49b7db6242fb9f569a8a2b,1093
    pantry-tree:
      sha256: 7d36c8a038ab4db197c0a395c63523b47beec9f6c72a64271bb0f6b112d1ebd1
      size: 328
  original:
    hackage: companion-0.1.0@sha256:99f6de52c832d433639232a6d77d33abbca3b3037e49b7db6242fb9f569a8a2b,1093
- completed:
    hackage: crypton-conduit-0.2.3@sha256:31f44243b42f344c65be6cd2c39c07994d9186d19d15988656620d1de85aca37,1946
    pantry-tree:
      sha256: 06781001956f2ccfae0e6b4f33c213bd3121c6462f8534e9dca87bf51e4663e0
      size: 592
  original:
    hackage: crypton-conduit-0.2.3@sha256:31f44243b42f344c65be6cd2c39c07994d9186d19d15988656620d1de85aca37,1946
- completed:
    hackage: crypton-connection-0.3.1@sha256:4d0958537197956b536ea91718b1749949757022532f50b8f683290056a19021,1581
    pantry-tree:
      sha256: e35ac3a35611afab9fafac633d0c4e6328b9cce4c8262378671d6c5a739e7e70
      size: 394
  original:
    hackage: crypton-connection-0.3.1@sha256:4d0958537197956b536ea91718b1749949757022532f50b8f683290056a19021,1581
- completed:
    hackage: crypton-x509-1.7.6@sha256:c567657a705b6d6521f9dd2de999bf530d618ec00f3b939df76a41fb0fe94281,2339
    pantry-tree:
      sha256: 729e7db8dfc0a8b43e08bbd8d1387c9065e39beda6ac39e0fb9f10140810a3eb
      size: 1080
  original:
    hackage: crypton-x509-1.7.6@sha256:c567657a705b6d6521f9dd2de999bf530d618ec00f3b939df76a41fb0fe94281,2339
- completed:
    hackage: crypton-x509-store-1.6.9@sha256:422b9b9f87a7382c66385d047615b16fc86a68c08ea22b1e0117c143a2d44050,1750
    pantry-tree:
      sha256: 87654d130a7f987ee139c821a1be45736d18df9fa4cb1142c4e054d3802338f3
      size: 406
  original:
    hackage: crypton-x509-store-1.6.9@sha256:422b9b9f87a7382c66385d047615b16fc86a68c08ea22b1e0117c143a2d44050,1750
- completed:
    hackage: crypton-x509-system-1.6.7@sha256:023ed573d82983bc473a37a89e0434a085b413be9f68d07e085361056afd4637,1532
    pantry-tree:
      sha256: c0ca49e6a9537f3fdb7b47c5cfe93f7d744a369bf9d089f3c668b9c2d97402b7
      size: 399
  original:
    hackage: crypton-x509-system-1.6.7@sha256:023ed573d82983bc473a37a89e0434a085b413be9f68d07e085361056afd4637,1532
- completed:
    hackage: crypton-x509-validation-1.6.12@sha256:85989721b64be4b90de9f66ef641c26f57575cffed1a50d707065fb60176f386,2227
    pantry-tree:
      sha256: d4a0135f11218614fcd912cffaf54de8f749caca8696380e2589cbcfd64cc681
      size: 639
  original:
    hackage: crypton-x509-validation-1.6.12@sha256:85989721b64be4b90de9f66ef641c26f57575cffed1a50d707065fb60176f386,2227
- completed:
    hackage: hpack-0.35.4@sha256:171eaba080e308d26f16cb1b8f77d2b6a2899cf4ff98085912be167f8136ffef,5119
    pantry-tree:
      sha256: aae0dffd9b40acc51e77ef043c2f1d4d579753037357ccf55c8d50a98b7fe2ef
      size: 3742
  original:
    hackage: hpack-0.35.4@sha256:171eaba080e308d26f16cb1b8f77d2b6a2899cf4ff98085912be167f8136ffef,5119
- completed:
    hackage: http-client-tls-0.3.6.2@sha256:a9362782ddbc1d1f84a2919bbb1b224cefd2b24071b81c3aeb5c5c8d6a1fdb0f,2004
    pantry-tree:
      sha256: 600dfa374198408aa466fdb483834a51a0e15a25fb095992f82b0f4f05adb3f7
      size: 435
  original:
    hackage: http-client-tls-0.3.6.2@sha256:a9362782ddbc1d1f84a2919bbb1b224cefd2b24071b81c3aeb5c5c8d6a1fdb0f,2004
- completed:
    hackage: http-download-0.2.1.0@sha256:a97863e96f7d44efc3d0e3061db7fe2540b8374ca44ae90d0b56040140cb7506,1716
    pantry-tree:
      sha256: fefc789f5b1c1891488b6b45b12423055ec0ddc8027ef6b5a4b871e2934b9f29
      size: 393
  original:
    hackage: http-download-0.2.1.0@sha256:a97863e96f7d44efc3d0e3061db7fe2540b8374ca44ae90d0b56040140cb7506,1716
- completed:
    hackage: optparse-applicative-0.18.1.0@sha256:b4cf8d9018e5e67cb1f14edb5130b6d05ad8bc1b5f6bd4efaa6ec0b7f28f559d,5132
    pantry-tree:
      sha256: 32f52adc150eb146bf4d167ff0cb21fc1e3cd7ecc1b9e5e83b986a1cd1bc58cd
      size: 3124
  original:
    hackage: optparse-applicative-0.18.1.0@sha256:b4cf8d9018e5e67cb1f14edb5130b6d05ad8bc1b5f6bd4efaa6ec0b7f28f559d,5132
- completed:
    hackage: optparse-generic-1.5.0@sha256:1de163cf439350d2c5817dd9067b51eeb62d6fdd4e2f0a70c06c9e1b931c38d7,2285
    pantry-tree:
      sha256: a526054c13aa0bfdb80af0a99ec62520347ac2e4cfc4fe29b105d0047864cd1e
      size: 411
  original:
    hackage: optparse-generic-1.5.0@sha256:1de163cf439350d2c5817dd9067b51eeb62d6fdd4e2f0a70c06c9e1b931c38d7,2285
- completed:
    hackage: pantry-0.9.2@sha256:e1c5444d1b4003435d860853abd21e91e5fc337f2b2e2c8c992a2bac04712dc0,7650
    pantry-tree:
      sha256: 8f14d90ab352a42847bcffa6cf814e45543b8aa4a56c71b3c74eba6beec3b831
      size: 2665
  original:
    hackage: pantry-0.9.2@sha256:e1c5444d1b4003435d860853abd21e91e5fc337f2b2e2c8c992a2bac04712dc0,7650
- completed:
    hackage: static-bytes-0.1.0@sha256:35dbf30f617baa0151682c97687042516be07872a39984f9fe31f78125b962bf,1627
    pantry-tree:
      sha256: 38980443d7bdf00dde4c34babbb1e4b858cdc3aca8973c50f22444cfb03135a2
      size: 440
  original:
    hackage: static-bytes-0.1.0@sha256:35dbf30f617baa0151682c97687042516be07872a39984f9fe31f78125b962bf,1627
- completed:
    hackage: tar-conduit-0.4.0@sha256:f333649770f5ec42a83a93b0d424cf6bb895d80dfbee05a54340395f81d036ae,3126
    pantry-tree:
      sha256: 54de1a1b2f3f13ebeea65ea3f13a53c89e8e6e2f85bc5810c2a6eddd428cb827
      size: 828
  original:
    hackage: tar-conduit-0.4.0@sha256:f333649770f5ec42a83a93b0d424cf6bb895d80dfbee05a54340395f81d036ae,3126
- completed:
    hackage: tls-1.7.0@sha256:fa82e9ca8fd887b66fba8433b3ba1db4e5e047fe7c815707f06209679d04177b,5566
    pantry-tree:
      sha256: 7521091021ecbbbf9b46c2fdb08f9e449eddcebf3a3922f76d23baca5db83b4f
      size: 4897
  original:
    hackage: tls-1.7.0@sha256:fa82e9ca8fd887b66fba8433b3ba1db4e5e047fe7c815707f06209679d04177b,5566
snapshots:
- completed:
    sha256: 2e7d4a730d8eb5373b2d383fac84efcf7c81e3b7a5fce71b4c2e19a1768f25a6
    size: 640239
    url: https://raw.githubusercontent.com/commercialhaskell/stackage-snapshots/master/lts/21/6.yaml
  original: lts-21.6
