# This file was autogenerated by Stack.
# You should not edit this file by hand.
# For more information, please see the documentation at:
#   https://docs.haskellstack.org/en/stable/lock_files

packages: []
snapshots:
- completed:
    sha256: 0a88ee29d0bd8bb26573f3b666062790d2981cdea23daa52398d43cb8719452c
    size: 625136
    url: https://raw.githubusercontent.com/commercialhaskell/stackage-snapshots/master/nightly/2024/4/20.yaml
  original: nightly-2024-04-20
