# This file was autogenerated by Stack.
# You should not edit this file by hand.
# For more information, please see the documentation at:
#   https://docs.haskellstack.org/en/stable/lock_files

packages:
- completed:
    hackage: aeson-2.1.2.1@sha256:5b8d62a60963a925c4d123a46e42a8e235a32188522c9f119f64ac228c2612a7,6359
    pantry-tree:
      sha256: 58d33beedd6e0ff79920c636d8a4295deb684b6e97c9b1ca94d3c780958d6302
      size: 82465
  original:
    hackage: aeson-2.1.2.1
- completed:
    hackage: annotated-wl-pprint-0.7.0@sha256:5d6e26cfeb17a187e992d482d8811d89df6a061f2bf0c6dba120d1dd3111138d,1142
    pantry-tree:
      sha256: 4ec0cbb6e21f9fe243328ee47eaa6bf1e25f1f4e0fab008b469017de7c6eb191
      size: 242
  original:
    hackage: annotated-wl-pprint-0.7.0
- completed:
    hackage: ansi-terminal-0.11.4@sha256:410737137c798e23339a08435a5511785ebf1db08700e37debbd7801cf73fc82,3584
    pantry-tree:
      sha256: 49bc6ef92292ee8b663a40cf5170af1efaaa4ed84155b65ad41eabf1faf9b18f
      size: 1462
  original:
    hackage: ansi-terminal-0.11.4
- completed:
    hackage: ansi-wl-pprint-0.6.9@sha256:212144ea0623b1170807a4162db05d87f26cf10b334aeadd0edb377aba06a1ce,2425
    pantry-tree:
      sha256: 0a2390ba39c3b84f68e382cb25b58cea66d61a89dab818bb5e2a6c12642e2e21
      size: 472
  original:
    hackage: ansi-wl-pprint-0.6.9
- completed:
    hackage: appar-0.1.8@sha256:a5d529bacbb74d566e4c5f9479af0637eac5957705f6db4d2670517489795de8,1070
    pantry-tree:
      sha256: c8bae7bc8c04b6c3593b48f19f1d626face90832f268f6857aba934bccd4272d
      size: 506
  original:
    hackage: appar-0.1.8
- completed:
    hackage: asn1-encoding-0.9.6@sha256:27ed8f6043aed79630313bb931f7c8e2b510f0b4586cd55c16ae040c7d1ea098,2060
    pantry-tree:
      sha256: 09963511234ed8fdd0682b10e8366de5105cc513d4daa014d7990496b788b122
      size: 981
  original:
    hackage: asn1-encoding-0.9.6
- completed:
    hackage: asn1-parse-0.9.5@sha256:77c0126d63070df2d82cb4cfa4febb26c4e280f6d854bc778c2fa4d80ce692b8,976
    pantry-tree:
      sha256: 2a6766aa05af5b045ff2d097b5f99621f983d471e254079ef4e56acff26b2248
      size: 212
  original:
    hackage: asn1-parse-0.9.5
- completed:
    hackage: asn1-types-0.3.4@sha256:8e879b3a5bbdd0031232eb84d904b5a3a2c20a18847692b996d774f4ff811355,1025
    pantry-tree:
      sha256: 254adba538008f12853e83b8909ba11ef11e9b8bcb1edc3a97dc6fdb29dad45a
      size: 525
  original:
    hackage: asn1-types-0.3.4
- completed:
    hackage: assoc-1.1@sha256:ac83c915110288bca295386daf834936b9fd16d654bea8d8898bf091626c5c82,1579
    pantry-tree:
      sha256: 05b356a6846cbfec06f1e84fbd0e1bbb87e55c6b36791a6d8b0cebfa07534025
      size: 290
  original:
    hackage: assoc-1.1
- completed:
    hackage: async-2.2.4@sha256:46367dc0c8326dcbeb7b93f200b567491c2f6029bccf822b8bb26ee660397e08,3112
    pantry-tree:
      sha256: c7475b437d4a2c50b57148192fb2f859a81bb7970cf28c4af2e57105c610ff72
      size: 501
  original:
    hackage: async-2.2.4
- completed:
    hackage: attoparsec-0.14.4@sha256:50475b722305175f57a3ee3dbaee10aa4b91f61c9717b85b718a7df37c223fb2,5679
    pantry-tree:
      sha256: f5e3aab89e949b76e7e3219ac35ee2a7133b746a36c755b8cbcc39a3ac2ee446
      size: 5039
  original:
    hackage: attoparsec-0.14.4
- completed:
    hackage: attoparsec-iso8601-1.1.0.0@sha256:29d590f21adc4112973ad5e874d095f8b403b886932fe7e15567b239f5483539,1370
    pantry-tree:
      sha256: 7eddd7d3bd0f3d51a3b0fe8284ed996bc2bf83effc8cf6afce360e5f0e54fbe5
      size: 361
  original:
    hackage: attoparsec-iso8601-1.1.0.0
- completed:
    hackage: auto-update-0.1.6@sha256:10adca282e131a2fa01fb7a411b02811685c1cea02e9813df2d7fb468b5ef638,1373
    pantry-tree:
      sha256: 5e27352ca8e89e569204445b3f7be4951afbcd10cbac701ece75d2070cbed130
      size: 828
  original:
    hackage: auto-update-0.1.6
- completed:
    hackage: base-compat-0.12.2@sha256:85d820a15e3f00f1781ac939cb9cdccdcc6f38c43e4c74a6e83e5d75f67b61a0,6960
    pantry-tree:
      sha256: 67b3f19a22ea6de8aee52eb840225d8cb185c1530366cfe813a32229cf66118f
      size: 9038
  original:
    hackage: base-compat-0.12.2
- completed:
    hackage: base-compat-batteries-0.12.2@sha256:ecf0bb2b39be54f1ffa185d37663702b0651d34d1cdcc32d32bb8f7279396afe,8627
    pantry-tree:
      sha256: 542c975ff6d622880aa67aaf4dd9bbe403d6d8666b868681305751e85d50fb38
      size: 11169
  original:
    hackage: base-compat-batteries-0.12.2
- completed:
    hackage: base-orphans-0.9.0@sha256:0bdd3486d3a1bcbed0513b46af4a13ca74b395313fa5b6e0068d6b7413b76a04,3205
    pantry-tree:
      sha256: 47868c1badc9812bf9ad81ad8aa52e3f920e28568c33dcd602dbfa86b5f6674e
      size: 1272
  original:
    hackage: base-orphans-0.9.0
- completed:
    hackage: base16-bytestring-1.0.2.0@sha256:64abad7816ab8cabed8489e29f807b3a6f828e0b2cec0eae404323d69d36df9a,2541
    pantry-tree:
      sha256: f8f13565abcd98fd400c19bbbe02531bdfc8a80f2949662bb6996e367c834114
      size: 595
  original:
    hackage: base16-bytestring-1.0.2.0
- completed:
    hackage: base64-bytestring-1.2.1.0@sha256:50ec0e229255d4c45cbdd568da011311b8887f304b931564886016f4984334d8,2396
    pantry-tree:
      sha256: 1154783dd163be45502456716ca44c4244d0aa6e7cf1aa4e7763efb3485a509c
      size: 850
  original:
    hackage: base64-bytestring-1.2.1.0
- completed:
    hackage: basement-0.0.15@sha256:2bf8ea6a351fb049399ccf1fa2c2513ddb0d8274b87bd9146ed7603fa06cd8a8,5404
    pantry-tree:
      sha256: 0ab19e9c07571797bc6c278bcc3fa2e7d056d2e8be368784a2f4d8f0e2ca43ba
      size: 5799
  original:
    hackage: basement-0.0.15
- completed:
    hackage: bifunctors-5.6.1@sha256:85f00753e27513ba259385e22761d0a46fed6b9ef051c4604bd7e7e96beff4e6,3144
    pantry-tree:
      sha256: d80d13d6d17ba5e2b27b0d6f35276e7bbdd2336af867785dfa91994611dde464
      size: 1465
  original:
    hackage: bifunctors-5.6.1
- completed:
    hackage: bitvec-1.1.4.0@sha256:8991eec6409f181bd6ccb20e24ac759659940170cd00ca530ec7dd5ffa4f30fc,4297
    pantry-tree:
      sha256: 5710b5c1e0cbaeddcd2f0f7acaa9157e126c02bb6497f58d6229085ec91573ae
      size: 2384
  original:
    hackage: bitvec-1.1.4.0
- completed:
    hackage: blaze-builder-0.4.2.2@sha256:f0017df374c330de0ebe0eb15eae8c48427bddefa1d81a3cb31c0a4812ecdb08,3685
    pantry-tree:
      sha256: 5b6b4f7b1c9ca98bd7cb979849fc9e018b48ef49089c98b2766179b5087695ea
      size: 3102
  original:
    hackage: blaze-builder-0.4.2.2
- completed:
    hackage: blaze-html-0.9.1.2@sha256:74b89ffa665891f528f571ce9e3c2dce24f698563f14b6f5e9e0512eccdf5dc2,3062
    pantry-tree:
      sha256: 4dba326368b9b70ffd85876cae05dbf5514fb6277b43b146a8c278b08533717a
      size: 2227
  original:
    hackage: blaze-html-0.9.1.2
- completed:
    hackage: blaze-markup-0.8.2.8@sha256:a8fe050fb93397df36c3f5b19c22628e0e54446382e0f6775e2b45c1ad999eee,2271
    pantry-tree:
      sha256: 3c31070e6f68dba0177d3e52a1fa87f7de886b695c1429913d99b283fba5f977
      size: 818
  original:
    hackage: blaze-markup-0.8.2.8
- completed:
    hackage: byteorder-1.0.4@sha256:a952817dcbe20af0346fb55a28c13e95e2ddbf3e99f9b4fffdc063f150f13b20,636
    pantry-tree:
      sha256: 1544dc41983f7fe963740d9a8ce2aec1daef17bcb0916fda253dbfa73a14c77a
      size: 212
  original:
    hackage: byteorder-1.0.4
- completed:
    hackage: casa-client-0.0.1@sha256:7c254d0f21fa96c1e64fff027a479ba2e93b2d53bb1938b62dc63dc6018f12a1,892
    pantry-tree:
      sha256: 0ddc768a7a4c0d1e2ba595eeff8a4f5a1a1c23f0a01d3fc1f80b326dc9d8315b
      size: 167
  original:
    hackage: casa-client-0.0.1
- completed:
    hackage: casa-types-0.0.2@sha256:8257f0031665d0f132d9dceb28aed104e67a69448dddc2b9288ba9c9d49ab4f4,715
    pantry-tree:
      sha256: 0f91d276c4ecb84af1c1cad368c0916eb8732e724f59792436cb33490cb0ece2
      size: 216
  original:
    hackage: casa-types-0.0.2
- completed:
    hackage: case-insensitive-1.2.1.0@sha256:9dfd3171fc7698cf8d931727d3af3a7b389135b583e46b5adac1f9d2026fff61,2244
    pantry-tree:
      sha256: d6f175b17eacce002fc5336c17e119d989bd97f8ad9702446163c9e27c7c79b7
      size: 688
  original:
    hackage: case-insensitive-1.2.1.0
- completed:
    hackage: cereal-0.5.8.3@sha256:87a227c7b510217ea059db3dd59d9665edd8f0d1d3d8de39458e371a1d9402fb,2767
    pantry-tree:
      sha256: 2d570ae699908d131b63fe176115809982f86ec4589cdbf42848aa2ca79209cb
      size: 641
  original:
    hackage: cereal-0.5.8.3
- completed:
    hackage: clock-0.8.3@sha256:a692159828c2cd278eaec317b3a7e9fb6d7b787c8a19f086004d15d9fa1fd72c,4601
    pantry-tree:
      sha256: 3e62393d5c7671b21d8aa84ef9ee0550334053711c80b5beeca295466a6615c7
      size: 499
  original:
    hackage: clock-0.8.3
- completed:
    hackage: cmdargs-0.10.22@sha256:0d1a33c3978fbcdda4f2543e62ac3ed8ad36152e141cdeebeece7e08d6529d63,4248
    pantry-tree:
      sha256: 2957554d00a23a204b5367d2070471e21a1e35cf0ddc7bdbfb26a047e754dbf6
      size: 3122
  original:
    hackage: cmdargs-0.10.22
- completed:
    hackage: colour-2.3.6@sha256:ebdcbf15023958838a527e381ab3c3b1e99ed12d1b25efeb7feaa4ad8c37664a,2378
    pantry-tree:
      sha256: 03f8e22f364deb86098dbfbe0bf83c896437b2355f139abdac0402658fb6ac7e
      size: 1183
  original:
    hackage: colour-2.3.6
- completed:
    hackage: comonad-5.0.8@sha256:1f1aabd73ec7f80f20cf078a748a60cd48d8e57277802fdf6a9ab3601a9b8f7e,3631
    pantry-tree:
      sha256: 394660fe7fa4127e5a181890bce28b9fcd6eb180ba25aa5566bc8b5bdd385517
      size: 1618
  original:
    hackage: comonad-5.0.8
- completed:
    hackage: conduit-1.3.4.3@sha256:50f2eea690e053c77acc2e66ab403ace55282932f419078e432db5873ab55b3b,5296
    pantry-tree:
      sha256: f15b33925ff7cf45ea558e8bcb8f4918c01a9bfe18763449f0a686c2cced8331
      size: 1957
  original:
    hackage: conduit-1.3.4.3
- completed:
    hackage: conduit-combinators-1.3.0@sha256:0ada7712bd8291c958cbd0db1ccc8374936f260cfa41422d7a5d979d1c7ea757,1024
    pantry-tree:
      sha256: e646fb1c31357c358f9082c93975abe3bb5ff8cf22b853b30d5fe28c7c493919
      size: 264
  original:
    hackage: conduit-combinators-1.3.0
- completed:
    hackage: conduit-extra-1.3.6@sha256:83303e6fea78a683fdbb41682fc8dbc47b1d8830da1f09e88940f9a744a7f984,4355
    pantry-tree:
      sha256: af351369329e815381147ccb834deaac9c942d7526528103b1426a3b1130f0da
      size: 2332
  original:
    hackage: conduit-extra-1.3.6
- completed:
    hackage: connection-0.3.1@sha256:65da1c055610095733bcd228d85dff80804b23a5d18fede994a0f9fcd1b0c121,1554
    pantry-tree:
      sha256: 13a2c21049e69068e4c3d725533d94729772f2d3e05f5ef611bef28363b08798
      size: 386
  original:
    hackage: connection-0.3.1
- completed:
    hackage: contravariant-1.5.5@sha256:470ed0e040e879e2da4af1b2c8f94e199f6135852a8107858d5ae0a95365835f,3041
    pantry-tree:
      sha256: 9eb62fea28548dc8a0f60fd47c12843092b78b24ed771b8ad63a0bb34dba8bc4
      size: 652
  original:
    hackage: contravariant-1.5.5
- completed:
    hackage: cookie-0.4.6@sha256:00f3a7d5604a3ccbfe89b9c52f8eb1edea753dc273d015333895118f32683ecd,1517
    pantry-tree:
      sha256: 8761320dd1ea21f2dee85336e05b6875503e83ddb66274614998ff91abe54d62
      size: 360
  original:
    hackage: cookie-0.4.6
- completed:
    hackage: cryptohash-sha256-0.11.102.1@sha256:72ce9095872eae653addca5f412ac8070d6282d8e1c8578c2237c33f2cbbf4bc,5452
    pantry-tree:
      sha256: 901666a77e7861bdc2c82b18f808728605db792c8e4c6d5c1496dcc5b6d15fb4
      size: 726
  original:
    hackage: cryptohash-sha256-0.11.102.1
- completed:
    hackage: cryptonite-0.30@sha256:12c85dea7be63e5ad90bcb487eb3846bf3c413347f94336fa1dede7b28f9936a,18301
    pantry-tree:
      sha256: df1cbe4cc40d569cc75ffed40bc5deac43cb085653980b42b9b6a5d4b745a30a
      size: 23323
  original:
    hackage: cryptonite-0.30
- completed:
    hackage: cryptonite-conduit-0.2.2@sha256:bfbae677a44f3a5cf3bf7f36271682979a402825f3d1e8767cfd62f2ddb702c2,1984
    pantry-tree:
      sha256: 251e4a1b3d382e4cbf9d378a5550cf617bb2650d61339db93253f2189bbfa918
      size: 595
  original:
    hackage: cryptonite-conduit-0.2.2
- completed:
    hackage: data-default-class-0.1.2.0@sha256:63e62120b7efd733a5a17cf59ceb43268e9a929c748127172d7d42f4a336e327,542
    pantry-tree:
      sha256: 5017630b11698aefa65fc61cab84a257ce97833c968d425e1b2d53d6c3b5c096
      size: 224
  original:
    hackage: data-default-class-0.1.2.0
- completed:
    hackage: data-fix-0.3.2@sha256:c27b354476175581925217323e0f559d35ceff26907ceaa03cb65c6df38e3de9,1720
    pantry-tree:
      sha256: bfc0b6cb483c22f9482dfaf3c086260f409691f5b0ce4f8cb08b3168268f598a
      size: 262
  original:
    hackage: data-fix-0.3.2
- completed:
    hackage: digest-0.0.1.7@sha256:51764fcb4e11c32a8acf98f2b210a3a43445b859b874ac23ba807b387bf3124c,1472
    pantry-tree:
      sha256: fbf18c44cd5c5858bdc1e97b01aeb2455d246b8c4b84c08fba755198b8370c08
      size: 519
  original:
    hackage: digest-0.0.1.7
- completed:
    hackage: distributive-0.6.2.1@sha256:0f99f5541cca04acf89b64432b03422b6408e830a8dff30e6c4334ef1a48680c,2996
    pantry-tree:
      sha256: a42bed5fe0ba295643538312dee6c9436314c05a6f7efdd32b4303979f8bd744
      size: 735
  original:
    hackage: distributive-0.6.2.1
- completed:
    hackage: dlist-1.0@sha256:124cb3aa1decebd5171b46601b1f74cca6cfae12d266ace3799b86dd05ef7cb4,3560
    pantry-tree:
      sha256: 8467afe9c94b2756e5703fed0950b51418bd877acbdd72e9dc3488b8f28f4e82
      size: 953
  original:
    hackage: dlist-1.0
- completed:
    hackage: easy-file-0.2.3@sha256:7b546c6c17463abd558805a937013d251a3d7b65d1d3c69ad065ccaed1ccf5a5,1602
    pantry-tree:
      sha256: bca96bac14a56d376d9f45d00b3000dc91e5ae48187892590411c2a82575df79
      size: 469
  original:
    hackage: easy-file-0.2.3
- completed:
    hackage: echo-0.1.4@sha256:ccce771562c49a2b29a52046ca68c62179e97e8fbeacdae32ca84a85445e8f42,2834
    pantry-tree:
      sha256: 853bd0f0fd83133b9b720414ebb1b6c490ff04a08181d6befc6f6b35e0c76815
      size: 440
  original:
    hackage: echo-0.1.4
- completed:
    hackage: ed25519-0.0.5.0@sha256:3db04d7c18b9e68ba5eef3fa7eeca05e1e248958dd182290c8e6b010c81ef73e,4166
    pantry-tree:
      sha256: 12d7e2613d1161c45e84a4afff1d14781bcae5990f824258c2e68075e8753c8a
      size: 5818
  original:
    hackage: ed25519-0.0.5.0
- completed:
    hackage: extra-1.7.12@sha256:3ac58d7341976173d1052e7b2837d119212d9afcf911735667c7f1ab67aec25f,2661
    pantry-tree:
      sha256: e6e3f5329f3ac67cb13246c7e632670a0222e0bbaa4ca85542847730d0421b64
      size: 1896
  original:
    hackage: extra-1.7.12
- completed:
    hackage: fast-logger-3.2.1@sha256:fa88db57a48860d61a65dee14057e43a87000f89620ed9797a7108d1bf984270,2601
    pantry-tree:
      sha256: 5cd6772d66855b8208cce03156f9368a0d89d864c897af456e3cb78741c5662e
      size: 1302
  original:
    hackage: fast-logger-3.2.1
- completed:
    hackage: file-embed-0.0.15.0@sha256:18beed8999dff37bcffd0d1d8a59dcd406be8e517c10213afefc941091985c06,1426
    pantry-tree:
      sha256: 19e38c295f02ea4cf3891ccb8048ed10d426b937bb14215f64aadc0cd62bda72
      size: 478
  original:
    hackage: file-embed-0.0.15.0
- completed:
    hackage: filelock-0.1.1.5@sha256:1d394c8ba29e410a57a451fbe6fc650d0392333b6b73ffc33afe1766f81c4486,1927
    pantry-tree:
      sha256: e810a78d319c604b265b9a20f7a84b3669324be25c00b90ed56133af2fb4f564
      size: 541
  original:
    hackage: filelock-0.1.1.5
- completed:
    hackage: fsnotify-0.4.1.0@sha256:44540beabea36aeeef930aa4d5f28091d431904bc9923b6ac4d358831c651235,2854
    pantry-tree:
      sha256: f8e89e81fe0ca6e285036e04b165119ccfc59e7e668c1bfc28927f39062c5949
      size: 1280
  original:
    hackage: fsnotify-0.4.1.0
- completed:
    hackage: generic-deriving-1.14.3@sha256:117f5c0a436a58be178b65cffff5d2d949ec8849198ddd10c9adcec980a1f627,6803
    pantry-tree:
      sha256: 8588f26bcf63217c7b874f4ae1768569d6bb576ba34a21728bca29190f3711c6
      size: 2361
  original:
    hackage: generic-deriving-1.14.3
- completed:
    hackage: generically-0.1.1@sha256:2b9b5efb6eea2fb65377565d53d85b0ccc5b37404fba4bef1d60277caa877e5e,1155
    pantry-tree:
      sha256: 98a8fe89d516d3752a9cc0af22cfa652f098cc6613da080762b63aa1d596e56d
      size: 233
  original:
    hackage: generically-0.1.1
- completed:
    hackage: githash-0.1.6.3@sha256:43b46cfc5cafd8f9d16b8cf5ba9e41d8fa532ba25cae88adb6bc23705c732819,1527
    pantry-tree:
      sha256: 2607867662b031c63e508f1eb300875a0650b25a886ee934508d70f89e6d66cc
      size: 617
  original:
    hackage: githash-0.1.6.3
- completed:
    hackage: Glob-0.10.2@sha256:dd2ddbecae8f84e8f4cacb5b856901a19c25ceaa11f2525d3ee88d034acb0081,2938
    pantry-tree:
      sha256: 3c9d365a19c0e15d7cf5e93ee994bdc81958c8e4056f43ec0408f34f1a3bb970
      size: 1432
  original:
    hackage: Glob-0.10.2
- completed:
    hackage: hackage-security-0.6.2.3@sha256:5b225c2d82f0b8f4168a6124840bae353e6b462b90fd1e07c846211ae9bcb5ed,12712
    pantry-tree:
      sha256: 072ccc369439d010a6009c0a352b9c3c650dc1e5a5912ac01d427791a467f7dd
      size: 4034
  original:
    hackage: hackage-security-0.6.2.3
- completed:
    hackage: hashable-1.4.2.0@sha256:585792335d5541dba78fa8dfcb291a89cd5812a281825ff7a44afa296ab5d58a,4520
    pantry-tree:
      sha256: 792a6cab3f15c5db29d759c8ca735d0be5f4c94f363329652f8b9780009d0829
      size: 1248
  original:
    hackage: hashable-1.4.2.0
- completed:
    hackage: hi-file-parser-0.1.4.0@sha256:4c3e1f4e2575809c7fe47229f8547c64e22760d77c73456bf017d27e0e736dd8,2660
    pantry-tree:
      sha256: 39ac287c76db4428ba1f78de6d93441d5900609755049557f46c0508a65dcbe3
      size: 2242
  original:
    hackage: hi-file-parser-0.1.4.0
- completed:
    hackage: hourglass-0.2.12@sha256:e083f5e030dfebe432e30a9c0fa07a99a54eac992f622442646be561fd7a44e8,3085
    pantry-tree:
      sha256: 2b452cfac948057203679468e3e856e7fdf884c3c051f42bc52ba6253ca896e0
      size: 1605
  original:
    hackage: hourglass-0.2.12
- completed:
    hackage: hpack-0.35.2@sha256:f8fea65f195c455b809c992d643c5db1b69615eda385fcb5ea6fa59773037fa7,5024
    pantry-tree:
      sha256: b1376940842ac0468aee17e289d35e5759758d7ba800569b9364e3b2522d7651
      size: 3742
  original:
    hackage: hpack-0.35.2
- completed:
    hackage: http-api-data-0.5.1@sha256:31d945aebe9839d005f91703af9df5bd1efe5377060c950f9ec637f84c73a2a5,3519
    pantry-tree:
      sha256: 31a2443ea46c342f55217a7bb9afc4746ef7e83284eccfcd2489d2182791b756
      size: 887
  original:
    hackage: http-api-data-0.5.1
- completed:
    hackage: http-client-0.7.13.1@sha256:6480749144f27919547733262f06a6ae3c759b57b692af53f9beb309d05a1699,5777
    pantry-tree:
      sha256: 4bb660f3c5aa9eb76026b3e4ac7029946e37bc970be604614a4badefaffb2e03
      size: 2547
  original:
    hackage: http-client-0.7.13.1
- completed:
    hackage: http-client-tls-0.3.6.1@sha256:c986b98a06ddde487fcfe139f024717d9263c61037ff45a4c63dae93b290c27f,2042
    pantry-tree:
      sha256: ac30cb48175d969b839bbcef4b8b1dc3d970751fdf030fcd4df34e0fb62e228a
      size: 435
  original:
    hackage: http-client-tls-0.3.6.1
- completed:
    hackage: http-conduit-2.3.8@sha256:5a5f23a594dc47754d8670de5b6dffbdf1849417ce9f0a41c4d77ea52232c255,3110
    pantry-tree:
      sha256: 5e8acb3ec6325e9bbb6624f831932a3d770e8e062b2ed314d69f3b3dab61dc88
      size: 784
  original:
    hackage: http-conduit-2.3.8
- completed:
    hackage: http-download-0.2.0.0@sha256:54f94fbb3f28c5da2002d9f1c9ed1d72f8abfb0c41eefe40073e26500b015b63,1802
    pantry-tree:
      sha256: bb0b44f49b70ebd39b773f4bb627e44028ea9061e2b79d07bef5ebc6dfc8a0e1
      size: 393
  original:
    hackage: http-download-0.2.0.0
- completed:
    hackage: http-types-0.12.3@sha256:f35229edb1bc7b3ae27f961b2407dadb5bfa69d43a8f5337ab46cdc79ca4afe9,2035
    pantry-tree:
      sha256: c9b77e1ba204fffbe4e1be80412bc48e47440a07e4b7db4cdc77d573a3e21b9a
      size: 833
  original:
    hackage: http-types-0.12.3
- completed:
    hackage: indexed-traversable-0.1.2.1@sha256:154b4649199a602dea948a93cb34a6c4be71576c4f78410733dd9f6bc79b6e0b,2545
    pantry-tree:
      sha256: 16487541e56c38d7f86f7d80710cab904e2aae676a42982f185370cd2aa87a6b
      size: 554
  original:
    hackage: indexed-traversable-0.1.2.1
- completed:
    hackage: indexed-traversable-instances-0.1.1.2@sha256:b493ed83623a7cba498d31a9d36beec233406f20377f1be3bb51d4ce3bd2ceef,2536
    pantry-tree:
      sha256: 678385a83b29d0a95ac454a2c2242698cdbdb27848a6de911cd350fbf82952a9
      size: 366
  original:
    hackage: indexed-traversable-instances-0.1.1.2
- completed:
    hackage: infer-license-0.2.0@sha256:98dbe0e8d726fd698f9961e69cc69343f37952b4b7428283d0b8dbe3b09f8125,1804
    pantry-tree:
      sha256: f9005d8279c4180eee1220abd909576043284340944e5e4b7de9baea4cad56cf
      size: 1291
  original:
    hackage: infer-license-0.2.0
- completed:
    hackage: integer-logarithms-1.0.3.1@sha256:336fb40c3af19a59dbeb4e5b7bffe4b4c7fa04ab06006a8d4b70b1febc1bb4ca,3262
    pantry-tree:
      sha256: 529f0879fa0dd5621748208df9451b55e5d8edcc22c0e6639666f6196d6636eb
      size: 865
  original:
    hackage: integer-logarithms-1.0.3.1
- completed:
    hackage: iproute-1.7.12@sha256:85d181599fab8ceebf4c849110ad571bea2834d6c8c95ae7da33856c42453f40,2999
    pantry-tree:
      sha256: 0f4179868c6f644d7ba8d4d6ccaefd13ae17ff1cd188c924ef4c2db40d1c4f02
      size: 962
  original:
    hackage: iproute-1.7.12
- completed:
    hackage: libyaml-0.1.2@sha256:7fb663b11fcdb86503c14aa81763106ea79b1048fc29a1fe44ec346d9ecac101,2222
    pantry-tree:
      sha256: 52fb43b19dc4e0224a9efe79ec90e5ce45f38ad317c3d751ee62f2cdcd461d49
      size: 1096
  original:
    hackage: libyaml-0.1.2
- completed:
    hackage: lift-type-0.1.1.1@sha256:f7f5e5922f202364b2392e8c1282ca203f17fcc3e7d222b474109d12017941fb,1095
    pantry-tree:
      sha256: d0b1d24869c0f61ba78bf5a969a0456ae8f7f198c9d5bf189f9b151c06b1a7b8
      size: 361
  original:
    hackage: lift-type-0.1.1.1
- completed:
    hackage: lifted-base-0.2.3.12@sha256:e94ad0692c9c5d85c373e508f23654f2da8ac8c3e475c2b65ffbc04fb165ad69,3369
    pantry-tree:
      sha256: a1d78bdab90ed2863854f825f6ab277e5df0af856fec06ac1c39131e8019aef5
      size: 1129
  original:
    hackage: lifted-base-0.2.3.12
- completed:
    hackage: lukko-0.1.1.3@sha256:9ab54ee4f80bbd8a3fddd639ea142b7039ee2deb27f7df031a93de1819e34146,4584
    pantry-tree:
      sha256: 2a07134b35bd9ee1e6b5aa005ff6b5e3c27a5fe21254e4f81f3d564c19bbfc93
      size: 1145
  original:
    hackage: lukko-0.1.1.3
- completed:
    hackage: megaparsec-9.3.0@sha256:5836aed85cdc87025c2e947040331f2a3cde32911db3b841161c6f3dc4fc5f4f,3219
    pantry-tree:
      sha256: 5373bad5ded9d65b4947b0cda8720e73bcb2321f3e45e6487596803bc56d65f9
      size: 1519
  original:
    hackage: megaparsec-9.3.0
- completed:
    hackage: memory-0.18.0@sha256:e12bde756b01c1a28c62e46f0f8433c4890898051a786794a7d88907ca14abca,4468
    pantry-tree:
      sha256: 55d15393452ad50b1f8dbe3ff2c4961a3cde9381f2c348f904449a3339c6951d
      size: 2436
  original:
    hackage: memory-0.18.0
- completed:
    hackage: microlens-0.4.13.1@sha256:0cd8a0da5fe1b5a5c327bb5296d30940dc9f92c169372939bfcecd3faee953d7,4642
    pantry-tree:
      sha256: 8cf825336264bb5b0434b2b57fc808b84e503c4ec4106d5e05d975f22b9ca5cd
      size: 461
  original:
    hackage: microlens-0.4.13.1
- completed:
    hackage: microlens-mtl-0.2.0.3@sha256:0ace1ba95677117219681fb9a8b08b3bf049ab5973eed14453b260aaf1feb582,1965
    pantry-tree:
      sha256: 6a67528c409030bda8dd7b775288fc4c86bbd235bc82b77216c0ff7fb715b58a
      size: 344
  original:
    hackage: microlens-mtl-0.2.0.3
- completed:
    hackage: microlens-th-0.4.3.12@sha256:3d20719cb1543a082e151cf75ad0e41832cc270298fd77e83f8b5299c874b670,2486
    pantry-tree:
      sha256: cbd7b68ea5aa60b13207ce444d4620eeb5540347375ddbe66645f8e2e8193a28
      size: 558
  original:
    hackage: microlens-th-0.4.3.12
- completed:
    hackage: mime-types-0.1.1.0@sha256:c68f421c569e325ec4c5595a6916cc6336cf11c7f11bc569a62c6a32214454ad,862
    pantry-tree:
      sha256: 459281e2cec123c1d56c99173a4c1696b62ee0eb8986c3a51d4ff8b8a4eee807
      size: 312
  original:
    hackage: mime-types-0.1.1.0
- completed:
    hackage: mintty-0.1.4@sha256:045829806c38221f8e61bba674131147e6ef969882e33b6ce34c39a66e8179be,3334
    pantry-tree:
      sha256: 6359f865770675cf37ca2633af7923e308bce2a1c130503dd3d3c8889e20da6d
      size: 525
  original:
    hackage: mintty-0.1.4
- completed:
    hackage: monad-control-1.0.3.1@sha256:2d657279839e1a760c86a69f00f0c36473ef6972d413ec0f83a40249c70e098e,2365
    pantry-tree:
      sha256: f6b2e10b7ad03cbc2bd1df28543c9d514d54bd39833e318b48e5f0998d876df5
      size: 292
  original:
    hackage: monad-control-1.0.3.1
- completed:
    hackage: monad-logger-0.3.39@sha256:edd49f160b77abe4883f0579839d30403cd425853ab83397abb44473ebc5445a,1759
    pantry-tree:
      sha256: 3c41320fd5a111cc02b13f1190bdb98b92cc270d7d52cfe5a85c667b08fbc528
      size: 396
  original:
    hackage: monad-logger-0.3.39
- completed:
    hackage: monad-loops-0.4.3@sha256:ada4f1295ece07f9a7398bc5b40c4532f95a733a8604d2a2f57f05f878766df2,1751
    pantry-tree:
      sha256: c8d919cbf7cda1c8551534cb17844c56cbfcbf1b18667b1a0700b97c87ff5059
      size: 243
  original:
    hackage: monad-loops-0.4.3
- completed:
    hackage: mono-traversable-1.0.15.3@sha256:059bf3c05cdbef2d06b765333fe41c2168ced2503a23de674e2a59ceb2548c48,2060
    pantry-tree:
      sha256: 20193844369b5e6e0ed2c0df9946db5bd65a6206e3cc9f7cf059523e27a818b8
      size: 710
  original:
    hackage: mono-traversable-1.0.15.3
- completed:
    hackage: mtl-compat-0.2.2@sha256:4257fb56e5690734973aad060010bec6c2857f5c1ac6cf87fc335ed3bc7c85f4,3333
    pantry-tree:
      sha256: 73dd4eacfba46bea22462e6fda23367e346ffc96286b1a90e9347dffc571cd48
      size: 324
  original:
    hackage: mtl-compat-0.2.2
- completed:
    hackage: mustache-2.4.1@sha256:dc92ddbf90e3a64c3f2ec7785cf2937d6dcf6ffcebbc38ad9c8b33b6a70bb298,3180
    pantry-tree:
      sha256: d201b56e6402cf92b69f60718658bf25fc602fabe87d3c84934d07c910194e38
      size: 1182
  original:
    hackage: mustache-2.4.1
- completed:
    hackage: neat-interpolation-0.5.1.3@sha256:d7ec83ccacabb447f582f9742aefdc34a5121f6127c91d0b1ad84a1e14b6c91c,2996
    pantry-tree:
      sha256: 350fa6bf54cfa8cc1792635bd8c020321d22e48a96b6e96041fc99f75171bf3f
      size: 566
  original:
    hackage: neat-interpolation-0.5.1.3
- completed:
    hackage: network-3.1.2.9@sha256:eacdb7f78719cc5125b25856a9114984c5c03b484995f3074b3d756553ededee,5008
    pantry-tree:
      sha256: 51165c889117723710b3d1dd70d9ce0c2ffc023a04ba3fc53f71ed20b6909349
      size: 3914
  original:
    hackage: network-3.1.2.9
- completed:
    hackage: network-uri-2.6.4.2@sha256:1fde59abf5d82a9666b4415bc2b2e9e33f6c1309074fda12d50410c7dbd95f3b,3163
    pantry-tree:
      sha256: e3207c9d8e66132972ff22c57ecd3360a7af59d107946ccfbf3a7fbc24d55308
      size: 551
  original:
    hackage: network-uri-2.6.4.2
- completed:
    hackage: old-locale-1.0.0.7@sha256:fa998be2c7e00cd26a6e9075bea790caaf3932caa3e9497ad69bc20380dd6911,1071
    pantry-tree:
      sha256: 462ef15cb35164d585aa3860f717c9685fbf05578330490860abd544381d2e24
      size: 263
  original:
    hackage: old-locale-1.0.0.7
- completed:
    hackage: old-time-1.1.0.3@sha256:c91fbb3ee73d20ccd015842b30f1f29a304893ebe0ae3128b7bbc13d5bb0d4c8,1328
    pantry-tree:
      sha256: 890bbbdf4175a409efd7c7c9fe153b71680e33bebeb74c9351d7d9d3a59d3d0e
      size: 810
  original:
    hackage: old-time-1.1.0.3
- completed:
    hackage: OneTuple-0.4.1.1@sha256:be0324c77a0eaf1d48b771b7e86f2b19d53a9f5ecc6ab2c914dab7dad309c671,2539
    pantry-tree:
      sha256: 0b8ec13ca2142bd780b37da757cc2b99f4a72f97e0ed4d5f6dcbb68e78c7c828
      size: 506
  original:
    hackage: OneTuple-0.4.1.1
- completed:
    hackage: open-browser-0.2.1.0@sha256:e4be4a206f5ab6ddb5ae4fbb39101529196e20af5670c5d33326fea6eff886fd,1529
    pantry-tree:
      sha256: fa4684ddfdb2bf393407014e2ec065e269c4b717feed26978ea15eca6d2a59c0
      size: 462
  original:
    hackage: open-browser-0.2.1.0
- completed:
    hackage: optparse-applicative-0.17.0.0@sha256:0713e54cbb341e5cae979e2ac441eb3a5ff42e303001f432bd58c19e5638bdda,4967
    pantry-tree:
      sha256: 3b4398845ee6718fe2303870a5ab75bd190eb712fed2f22caaae30f790c490fd
      size: 3124
  original:
    hackage: optparse-applicative-0.17.0.0
- completed:
    hackage: optparse-simple-0.1.1.4@sha256:833326c18a91f7d09e94167b39936835c772b40edf31ee6368da1ced7e1a2e8d,1851
    pantry-tree:
      sha256: 7c44a882637c994fc6358d98c26161857c64bcb0133f78e3869d8ebaae20f5b9
      size: 443
  original:
    hackage: optparse-simple-0.1.1.4
- completed:
    hackage: pantry-0.8.2.2@sha256:579aa8538c0fde65f9c08fb97d1d5aee8f59e5cc44e5f8feb350ec54bd2b14a6,6026
    pantry-tree:
      sha256: f979dadd233a05272bfee435de5d66532692532453d199adb902079a75cb878d
      size: 2970
  original:
    hackage: pantry-0.8.2.2
- completed:
    hackage: parser-combinators-1.3.0@sha256:edd54ba56cbae8fadbcceebcfef31b2c70a835e92e5eda41151b939c40647281,1570
    pantry-tree:
      sha256: 0754c8d3f213156877f8085da2ad74433167a6c30272b8b64119a2628bd7ade0
      size: 795
  original:
    hackage: parser-combinators-1.3.0
- completed:
    hackage: path-0.9.2@sha256:2f2a7f01737cd350b30381b619e1a862601c83f10ede4d6935f76f66e63ae0c7,3273
    pantry-tree:
      sha256: 2acf94a62daeeb0aee9b77d044ece55b5e03445b574e6980a2e84a5a514f5517
      size: 1206
  original:
    hackage: path-0.9.2
- completed:
    hackage: path-io-1.8.0@sha256:dcd244cad284fbccf64b33ffa2677a5dd64c0d8fd382f3a4605ca6298b770f79,2062
    pantry-tree:
      sha256: 70686b8497bfc61ca7314b6912a1275afcb54cb931e4d50bae761783c430f187
      size: 364
  original:
    hackage: path-io-1.8.0
- completed:
    hackage: path-pieces-0.2.1@sha256:c713a8d04b3e6b89f1116c1d5fe434305031e17a9f0ad30a457a8402e1d5fc5c,1233
    pantry-tree:
      sha256: 462e78a9125d57e2645140121ada25daf5fe2db4617cbdf502a3c5a6691c48d4
      size: 368
  original:
    hackage: path-pieces-0.2.1
- completed:
    hackage: pem-0.2.4@sha256:cc8e62118b783e284dc0fa032f54fe386a3861a948ec88079370a433c103a705,1441
    pantry-tree:
      sha256: 2413dd2c97c72d6e00330057b158973faa6336de068a9be4d6fdcfd474485f77
      size: 425
  original:
    hackage: pem-0.2.4
- completed:
    hackage: persistent-2.14.5.0@sha256:c3c7a6a200930f956b2a6bb15b9d2cd512980692f6a2d95368a6db335c34c916,7199
    pantry-tree:
      sha256: 2a19d852adcf86df474c144dd5a17edbf08a3aeac2624678687e7147ce6218df
      size: 6601
  original:
    hackage: persistent-2.14.5.0
- completed:
    hackage: persistent-sqlite-2.13.1.1@sha256:2edb8dde2fca9fe703883d894b5688c75bff191364fc1493def5b43a19daa600,5155
    pantry-tree:
      sha256: 7505d8fa4deca85af528efc13794bb741cdd88500773113ab00da7515fb93967
      size: 834
  original:
    hackage: persistent-sqlite-2.13.1.1
- completed:
    hackage: persistent-template-2.12.0.0@sha256:7c68de6624ff83e14b674745e1c895dcf7c8676f6f24be131c89e2e4c2fa4510,1008
    pantry-tree:
      sha256: 6d31d8a3bde912d0c8b28d9d18caa77a5a7add42104d8bb109f7cd298f21a78f
      size: 267
  original:
    hackage: persistent-template-2.12.0.0
- completed:
    hackage: primitive-0.8.0.0@sha256:826bf2a702a26ef87532a135808abad69d74f70ead39f26c06d034b1f0537a19,3104
    pantry-tree:
      sha256: eaf8b0689d5a3cbc38b5a5b4bf665ec5822ad0060e8876b26bf6f13b9741295a
      size: 1721
  original:
    hackage: primitive-0.8.0.0
- completed:
    hackage: project-template-0.2.1.0@sha256:2345f65b3f3c178f66d7877c48c126748a6604772df80ee5f82dfec6b7154cba,1963
    pantry-tree:
      sha256: d6fb62a5090735ab0942c54d7f606f394c65a97fdd96907e509151e6f5ec5199
      size: 449
  original:
    hackage: project-template-0.2.1.0
- completed:
    hackage: QuickCheck-2.14.2@sha256:4ce29211223d5e6620ebceba34a3ca9ccf1c10c0cf387d48aea45599222ee5aa,7736
    pantry-tree:
      sha256: 2fe423d0ed7cd64f0f165d708779f48814e66c4f181c568468134af55d86a5f8
      size: 2315
  original:
    hackage: QuickCheck-2.14.2
- completed:
    hackage: random-1.2.1.1@sha256:dea1f11e5569332dc6c8efaad1cb301016a5587b6754943a49f9de08ae0e56d9,6541
    pantry-tree:
      sha256: 646ee77fe01178837ee928b61ae8653dcf190e9b5353ebebd094079c77a18b76
      size: 1528
  original:
    hackage: random-1.2.1.1
- completed:
    hackage: resource-pool-0.4.0.0@sha256:9c1e448a159875e21a7e68697feee2b61a4e584720974fa465a2fa1bc0776c73,1342
    pantry-tree:
      sha256: 1008fbb9b6bd9d12925989f2708af612daa3a8ebf3a56763016231461d9e314f
      size: 406
  original:
    hackage: resource-pool-0.4.0.0
- completed:
    hackage: resourcet-1.3.0@sha256:faa760fb28fb5c98fbe4867e375a775495cabc00926da81fa102dc991017d2c5,1739
    pantry-tree:
      sha256: 7d8da7c8bcbab08f5de8a1d7964d5224aeb160ac0843757539d81f07d4315886
      size: 648
  original:
    hackage: resourcet-1.3.0
- completed:
    hackage: retry-0.9.3.0@sha256:add44b9b2add217df6f5293785e8b592cdb3721a3a70250a951ebc7b227fd8b0,2426
    pantry-tree:
      sha256: e2dbd5a5605e55e2c028ead250a5b7f7bf1065a34700fbde6eb961c854623c5b
      size: 564
  original:
    hackage: retry-0.9.3.0
- completed:
    hackage: rio-0.1.22.0@sha256:95fc3725a638bb7d6e11be7a2cf8d601097ebc8cb992661b211a6e36ed1da726,3669
    pantry-tree:
      sha256: 02b0cdf9cf7901434c248c2e35a219ebc3c411d46729ba491d0e8fbd5042ced9
      size: 4802
  original:
    hackage: rio-0.1.22.0
- completed:
    hackage: rio-orphans-0.1.2.0@sha256:aa125f7633fbe99e7f68a097fe6953684fea1a5282e3642a709e71b29656d21c,1651
    pantry-tree:
      sha256: fd8b71d333e60c6949dad2e724e7c178861068379f268ca1171350ba5c962e1f
      size: 428
  original:
    hackage: rio-orphans-0.1.2.0
- completed:
    hackage: rio-prettyprint-0.1.4.0@sha256:1f8eb3ead0ef33d3736d53e1de5e9b2c91a0c207cdca23321bd74c401e85f23a,1301
    pantry-tree:
      sha256: 05bb2585e2d93899c62e0b6e1da02d040286b4524d0d363be1c5d99e49ac95bd
      size: 628
  original:
    hackage: rio-prettyprint-0.1.4.0
- completed:
    hackage: safe-0.3.19@sha256:0910dafb8898f52bde4c646e560228a0fd08b1fca5457f222d2f5c0fad6d2039,2317
    pantry-tree:
      sha256: 40010636c24cebf3f3e29e9b3b8e6c35f249f5e5d253925433140bb0b4e3f891
      size: 564
  original:
    hackage: safe-0.3.19
- completed:
    hackage: safe-exceptions-0.1.7.3@sha256:6e9b1b233af80cc0aa17ea858d2641ba146fb11cbcc5970a52649e89d77282e2,1398
    pantry-tree:
      sha256: 41e57c663a86bd61931f3b9d221c2eca508b394bace069e096c32823e77286a3
      size: 510
  original:
    hackage: safe-exceptions-0.1.7.3
- completed:
    hackage: scientific-0.3.7.0@sha256:26d8109106963a345368011081453d25ee1dfa6afae2b1f57b426b4bcd392d91,4854
    pantry-tree:
      sha256: a43cd3b3aa7d7d12d3aaa8fa0f1d018c5db9ea11fa3edcd909fda3dfa58538ac
      size: 657
  original:
    hackage: scientific-0.3.7.0
- completed:
    hackage: semialign-1.3@sha256:3aba5784d0c6b0c0cf5e31477e6f9054dc2257b441a5000002e89be3d8cc8548,2850
    pantry-tree:
      sha256: 35db2bf9986b828da0acb0f3ef8b0cc1750377601d959a5b536f8c9edcc6b07d
      size: 537
  original:
    hackage: semialign-1.3
- completed:
    hackage: semigroupoids-6.0.0.1@sha256:3ca506912c2e1fe97930d1565a2eebb608de6bc7f49736119609d6a78058dc13,7450
    pantry-tree:
      sha256: 3e5fd24155cb9a3a2e55d8a10f44b4ea0523505bd99bf667141ae9f7e4d58909
      size: 2404
  original:
    hackage: semigroupoids-6.0.0.1
- completed:
    hackage: semigroups-0.20@sha256:925341e6f7eb104cb490bef06eab93bb7995c7c67c51ee938185a2ddefa7aaf2,6333
    pantry-tree:
      sha256: d4d3f0b32a68cf8808fcb8d2de117ab9ec09dbfec93a297aa3d386ca79a0fe05
      size: 481
  original:
    hackage: semigroups-0.20
- completed:
    hackage: silently-1.2.5.3@sha256:a5f7b48a0f5227ae649b7076eef357b0cd4d60e35454eaef8957b475ce4b34ce,2399
    pantry-tree:
      sha256: 280e72e06b255efa78bca0ba3e8adb0621bc086b7a90bc0100f062dc1b911dd5
      size: 374
  original:
    hackage: silently-1.2.5.3
- completed:
    hackage: socks-0.6.1@sha256:ac190808eea704672df18f702e8f2ad0b7a4d0af528e95ee55ea6ee0be672e2a,1258
    pantry-tree:
      sha256: 53d29c06c42e737ae99660e077c7c4b286f1272b3394ad7f74163867a5b3b8fa
      size: 692
  original:
    hackage: socks-0.6.1
- completed:
    hackage: split-0.2.3.5@sha256:f472fa7019647cacac3267742a6f7ac0a5c816f9890e80e4b826cd937436de87,2646
    pantry-tree:
      sha256: 516449cf535bbfc78cf1a5795d28dd1e0f19b65a07c33a78b45566101fecc534
      size: 439
  original:
    hackage: split-0.2.3.5
- completed:
    hackage: splitmix-0.1.0.4@sha256:db25c2e17967aa6b6046ab8b1b96ba3f344ca59a62b60fb6113d51ea305a3d8e,6537
    pantry-tree:
      sha256: d0ee67a1005ff3b666d3edce14e0b1f9ff966de7d090f6340fd436d958293839
      size: 1519
  original:
    hackage: splitmix-0.1.0.4
- completed:
    hackage: StateVar-1.2.2@sha256:3c022c00485fe165e3080d5da6b3ca9c9b02f62c5deebc584d1b3d1309ce673e,1673
    pantry-tree:
      sha256: 204cac98219e99334f47b12c565945611748ea03a4d629273dd697d738bcfd7f
      size: 314
  original:
    hackage: StateVar-1.2.2
- completed:
    hackage: stm-chans-3.0.0.9@sha256:b2d4b54b2859da7a002819165fae0b051582036af7c313c23e9e0d28562e1938,2591
    pantry-tree:
      sha256: 129779ffdd1adbb8ef93d1c464a8dee92cfe645fbe046901754f3fce696dbc48
      size: 689
  original:
    hackage: stm-chans-3.0.0.9
- completed:
    hackage: streaming-commons-0.2.2.5@sha256:34959abee70e63d370b5a4bee0bc3483c66d1e53906fb5e13844ae8b9a62a4a3,4813
    pantry-tree:
      sha256: 13e522387923f3f922f1619afffc8ffa45a8aafc24e0a9a9cc93a8c406f03856
      size: 2947
  original:
    hackage: streaming-commons-0.2.2.5
- completed:
    hackage: strict-0.5@sha256:76f07389001fa7a9036cbf13a1753c0f16556bde3b79c862a8bbe1201aac2326,4074
    pantry-tree:
      sha256: 4c7f0a803d2dfe8e9588d053956e4829eb839b5e3f29c783eda6a83a2a2bca83
      size: 654
  original:
    hackage: strict-0.5
- completed:
    hackage: syb-0.7.2.3@sha256:d71f6747016466b0766491eae36be842ba98ba25e2aec26eaedbeea965c0586a,3889
    pantry-tree:
      sha256: af03d30da1011ca3ebcbecdb7e7c6ad4cabc8af0fc03017c74575c241677d6d3
      size: 3400
  original:
    hackage: syb-0.7.2.3
- completed:
    hackage: tagged-0.8.7@sha256:9013e1491dc0d291cb37c2845973293a03c230374f44792bfc96e14fdfb426dc,2880
    pantry-tree:
      sha256: a5b3d421c0bfd9f764e31639f4c844b5737810be2b683923142096fc5ab60efe
      size: 496
  original:
    hackage: tagged-0.8.7
- completed:
    hackage: tar-0.5.1.1@sha256:63dbcb0f507273a8331363e4c13a1fe91f4ea0c495883cf65f314629582a2630,5459
    pantry-tree:
      sha256: 38c9ca8b25dd8aacf33e62847e6162f6dcfd12c1947791e9ce382cbab06548a8
      size: 1069
  original:
    hackage: tar-0.5.1.1
- completed:
    hackage: tar-conduit-0.3.2@sha256:17cb1c05343ed32db111c3f929f57ccce2b92a01d3ebd95a339db5e9b8bf147b,2951
    pantry-tree:
      sha256: b5bdd45ea88fafc5f773a96697009757fe9ed7ad4417b9bdc223279efed90ce0
      size: 828
  original:
    hackage: tar-conduit-0.3.2
- completed:
    hackage: temporary-1.3@sha256:3a66c136f700dbf42f3c5000ca93e80b26dead51e54322c83272b236c1ec8ef1,1485
    pantry-tree:
      sha256: 5bfb8569e9c83e1b17604fc4375b5efd280f28146a7c42524f13a986f5a3bbc5
      size: 318
  original:
    hackage: temporary-1.3
- completed:
    hackage: text-metrics-0.3.2@sha256:e485689ebd58a9724bcb1384b6a7a0b56cc1922a2af5f00bb341ecdd44342440,2678
    pantry-tree:
      sha256: b76a0ccbefbb63fa6c31d3e0806b2ddc69961b5a44a931139bae0f0d9ef26da6
      size: 498
  original:
    hackage: text-metrics-0.3.2
- completed:
    hackage: text-short-0.1.5@sha256:c296eb2289dc5bf39912989c295cb82ef05ae5f84ee83ea5dc21f48da80e7052,3202
    pantry-tree:
      sha256: 45a2a5c1c2a013e02d2432c3382b1d3967bb4e0a7fcff9eb6102020a491da0ef
      size: 727
  original:
    hackage: text-short-0.1.5
- completed:
    hackage: th-abstraction-0.4.5.0@sha256:c28f186ae9817a059e54f63689f8985194b7f58d8fbd79e157d12374b6f9d2c3,2212
    pantry-tree:
      sha256: c14785e0990e7a0ec7fb9ef7fe9c0d00b617ed37753b8f657356a8560bd1d99d
      size: 670
  original:
    hackage: th-abstraction-0.4.5.0
- completed:
    hackage: th-compat-0.1.4@sha256:e5ae7c083ef3a22248558f8451669bb1c55ea8090f5908b86b9033743c161730,3224
    pantry-tree:
      sha256: 9fbfa8cec101b51e2fc69e8ccbcb5e779533851bfb8408ef40b5dfee9774b308
      size: 530
  original:
    hackage: th-compat-0.1.4
- completed:
    hackage: th-expand-syns-0.4.11.0@sha256:e8654156d8a75343e3f4e7170ebf12993b649f003004e910a2bcfc75f267844d,2207
    pantry-tree:
      sha256: d45d286b87a4dbfc45eb71e1362a7a63cebc75fe9382af93f77173fff2807d8e
      size: 550
  original:
    hackage: th-expand-syns-0.4.11.0
- completed:
    hackage: th-lift-0.8.3@sha256:3043e803a08c22676dcf71a4021d0fa276fcecc2ac3dbc4b230fee0b994ca7e9,2710
    pantry-tree:
      sha256: a0511120cd8dcd3705c035c32792fadb7bef4c9c850f525f807c978778a6da8e
      size: 543
  original:
    hackage: th-lift-0.8.3
- completed:
    hackage: th-lift-instances-0.1.20@sha256:c7886eb39760825b8861c68e48b2b5efb5eff8d2cb76201fdd0fb04bcbeff78e,2608
    pantry-tree:
      sha256: 0498495a69ca395d95b12a67b6884adaec4ca9ab76b9a62ca76ba064e35a08ff
      size: 526
  original:
    hackage: th-lift-instances-0.1.20
- completed:
    hackage: th-reify-many-0.1.10@sha256:1827dcffb0c9f214e9739053fc808683336ea65c3749ff2d6148db189cbbd2a4,1753
    pantry-tree:
      sha256: 3aed327bc5dff9c9c22bb7d1ea3e4e437b9f74face6fc682cefffe462913dfd0
      size: 373
  original:
    hackage: th-reify-many-0.1.10
- completed:
    hackage: these-1.2@sha256:69206d92ed38c45da07a34a86b8fafbefc7cec511ca7003ba18736a61639d03b,2844
    pantry-tree:
      sha256: c2cf71823f7009e4cb2428009db257c9210b436bf18859dd3b8036a0c10bdcc5
      size: 351
  original:
    hackage: these-1.2
- completed:
    hackage: time-compat-1.9.6.1@sha256:dd4de1fa0d6b7108982efc7ac41938569e4c9b06230bb87d34aae007c52ddb67,5062
    pantry-tree:
      sha256: 11b5a68a04a489f11807125d54dc48f833a8796b4005a085a0fe3f967965459d
      size: 4113
  original:
    hackage: time-compat-1.9.6.1
- completed:
    hackage: tls-1.6.0@sha256:7ae39373fd2de27fb80e90f76d22aeeb9a074a0ddd120cbd02c9c52f516a9e55,6987
    pantry-tree:
      sha256: a64b0c6cdfc37b48ebb7c0e30fe23a0e1a172baf3819ff6d0ca281ae4a56041a
      size: 4897
  original:
    hackage: tls-1.6.0
- completed:
    hackage: transformers-base-0.4.6@sha256:6f18f320e371c8954c4b6b211e2fdd5d15a6d6310bd605b9d640f47ede408961,1643
    pantry-tree:
      sha256: 6c2d24a9678865e2a5f4b6286cb17228673a6987fb546bf07b89ffbd19716ad2
      size: 275
  original:
    hackage: transformers-base-0.4.6
- completed:
    hackage: transformers-compat-0.7.2@sha256:044fb9955f63ee138fcebedfdcbe54afe741f2d5892a2d0bdf3a8052bd342643,5601
    pantry-tree:
      sha256: f49610c6a2faf82111e5d4222576f4afbcfa904bf56665232c5aa077dfc7578f
      size: 1724
  original:
    hackage: transformers-compat-0.7.2
- completed:
    hackage: typed-process-0.2.11.0@sha256:defde2c4dcd07750381d6e15ee7a517938c8d6353abcf27bba9f290e75a67d39,2070
    pantry-tree:
      sha256: 079ae3f9f9faa9d3e6ccd3e406f54a6805034c9400ca41fe4809ec72cffd4176
      size: 531
  original:
    hackage: typed-process-0.2.11.0
- completed:
    hackage: unicode-data-0.4.0.1@sha256:081e269b48f2d8511579a6dd1aa5f5c2f940e63d9bafec5fb911c11e32b27ad3,5624
    pantry-tree:
      sha256: 0898579b4a382ec31de6d1a098b049973bb3af8cde1df7a47fdfac2d05f8eaa7
      size: 3282
  original:
    hackage: unicode-data-0.4.0.1
- completed:
    hackage: unicode-transforms-0.4.0.1@sha256:adffd08a043cbf633e9574c35e206315bb07e73ed3886a91472d3cf208d8a6c3,5923
    pantry-tree:
      sha256: dc56592ee395b8ff91dfad3bf3b46884eb99b80af7c6397cd47f66ac21892a30
      size: 1833
  original:
    hackage: unicode-transforms-0.4.0.1
- completed:
    hackage: unix-compat-0.7@sha256:651fa34c14d9c05c1bbd508271a971e39d99e2b415518f100a17b84174ab6625,3566
    pantry-tree:
      sha256: f1bb357d4843258439d94f79ce632db01bf181524577b4c9eb2fb41ecaf7dd3c
      size: 1196
  original:
    hackage: unix-compat-0.7
- completed:
    hackage: unix-time-0.4.9@sha256:90107508e322fe0a6418d0138224ca8f0faa0ae9deac13e66612fd7977e5513a,1807
    pantry-tree:
      sha256: 7ffd975beada769ec2680962aa39685d3c1caef7a70c202f19dea02898a8f157
      size: 1017
  original:
    hackage: unix-time-0.4.9
- completed:
    hackage: unliftio-0.2.24.0@sha256:ff0e9f20b7fdda83b5da8da5d50e0f2634b90f8b6688169ef1296e3af51d4f8c,3380
    pantry-tree:
      sha256: 06b5e447165ff54c3e8f452df19cbf963049a0aa168a77e7f2346163b83e9ba1
      size: 2423
  original:
    hackage: unliftio-0.2.24.0
- completed:
    hackage: unliftio-core-0.2.1.0@sha256:cb78a95718f9cb2579a8a1208d4a148ea358f0774321c8cb905bfb0b96a2813c,1004
    pantry-tree:
      sha256: 7b2b21bc7e1f73ddccbf2b1deb9c920147cff3de9a38cd9e0810c5a236ef6af6
      size: 328
  original:
    hackage: unliftio-core-0.2.1.0
- completed:
    hackage: unordered-containers-0.2.19.1@sha256:9ad8972c2e913c37b1d4f0e1261517fd7a1b8c8a58077e057be69837e3dbaa00,3822
    pantry-tree:
      sha256: ab7c0dbe2eea20198c7f471825a4aa87e47ae8976be75d6de4ff7cf2f1258f46
      size: 1517
  original:
    hackage: unordered-containers-0.2.19.1
- completed:
    hackage: uuid-types-1.0.5@sha256:e4662609522f093b86c5ae86aa9781afc69338cf102d42e5b5c196c320d95621,2636
    pantry-tree:
      sha256: e5715eb2196f941fe2297c99cab36b602a781fc5ee3c103932cdfe5b6ce28e75
      size: 480
  original:
    hackage: uuid-types-1.0.5
- completed:
    hackage: vault-0.3.1.5@sha256:313d6d61435619ec25b492f8775729d8f0ab9496030898d30a4ba34a24ec742b,2366
    pantry-tree:
      sha256: cbd7118ef2e90843102409179ba5f4dbf01d3e924bcf3208bd6a9465652545e6
      size: 771
  original:
    hackage: vault-0.3.1.5
- completed:
    hackage: vector-0.13.0.0@sha256:fa5cac81a17a5af388716792e8b99c24b3b66770086756d0d8b23f8272a0244c,9112
    pantry-tree:
      sha256: d2461d28022c8c0a91da08b579b1bff478f617102d2f5ef596cc5b28d14b8b6a
      size: 4092
  original:
    hackage: vector-0.13.0.0
- completed:
    hackage: vector-algorithms-0.9.0.1@sha256:f3e5c6695529a94edf762117cafd91c989cb642ad3f8ca4014dbb13c8f6c2a20,3826
    pantry-tree:
      sha256: aef389e57ae6020e5da719bee40aaf6cccf1c4d1e7743a85d30c9d8c25d170a0
      size: 1510
  original:
    hackage: vector-algorithms-0.9.0.1
- completed:
    hackage: vector-stream-0.1.0.0@sha256:f5d6d5291cd1b5f2f063403593f1f5c8127d692c888eedeb3e1eb40497a88dca,1404
    pantry-tree:
      sha256: 7abf33cdd9ebda41c864f83e860612eee6bd2dfae0484eb8922900ad5a79160d
      size: 325
  original:
    hackage: vector-stream-0.1.0.0
- completed:
    hackage: witherable-0.4.2@sha256:cec516b35df0ff53ab0068e70a912a0ba7b65c672fbc554727183faa195ad3b8,2342
    pantry-tree:
      sha256: 0a64b4d06cc5b28b81c001c5f9d306ca8630c206245b313b41660e210fb1edb0
      size: 384
  original:
    hackage: witherable-0.4.2
- completed:
    hackage: x509-1.7.7@sha256:90eef2d745a654146fc1c325e035eaddac531e4d2145d4bc1dcf4b8fad439d34,2276
    pantry-tree:
      sha256: d81ffd09633c0417bcedbfc29f870cc843ec0750edd2f73c8fd60a5e5df278d2
      size: 1124
  original:
    hackage: x509-1.7.7
- completed:
    hackage: x509-store-1.6.9@sha256:1f1abeab5bacf1407b920d0f34f4c35a5ad450ff0d8121cd3dc76460f81e711d,1716
    pantry-tree:
      sha256: 9fc5a6a997af3569c79d5062534cc9836721b39df86bef56308f209164ab500d
      size: 398
  original:
    hackage: x509-store-1.6.9
- completed:
    hackage: x509-system-1.6.7@sha256:45ddd5db19f18be80614e058e8838765f2749a8afcfd2b292bd6afb36820a3c0,1492
    pantry-tree:
      sha256: bc736fef360079192c471d5cf122f696442f29e5332aaa45f1d8571f50a4210e
      size: 391
  original:
    hackage: x509-system-1.6.7
- completed:
    hackage: x509-validation-1.6.12@sha256:4f4af20ec77f02c042ecd4726c195bb0e0b694b336de81e7bd4515b2917bd9bc,2169
    pantry-tree:
      sha256: f95c21aa9671b10f9384b89c018874246f68220b63266172b47a747b62695e23
      size: 631
  original:
    hackage: x509-validation-1.6.12
- completed:
    hackage: yaml-0.11.11.0@sha256:a2acb8d325b094e1184cc8b0f71deacf4b772e99bd0f53081cb032fdf5563ff9,4937
    pantry-tree:
      sha256: 8779e0b6ad1dece425c8c2b26ffbbb86a5da3486b67596389f072cdc06d33bcc
      size: 2044
  original:
    hackage: yaml-0.11.11.0
- completed:
    hackage: zip-archive-0.4.3@sha256:9d2ab429447514f0c4b77b794e1ffeea70def69ec0e92a16122a2c4a20dfb31d,3915
    pantry-tree:
      sha256: 411fb3c092f5678214f26d73de8dbf7c9021350c4b1db2a2c20688e047b1b022
      size: 878
  original:
    hackage: zip-archive-0.4.3
- completed:
    hackage: zlib-0.6.3.0@sha256:9adce39e4ca0b7a87d45df0a243134816c57059a08e28cff5469c98ae1f54dfc,5367
    pantry-tree:
      sha256: 001b9891fa2afd099df285834a35edd972068dd0501c10cab2cd8108a665c85b
      size: 2622
  original:
    hackage: zlib-0.6.3.0
snapshots: []
