# This file was autogenerated by Stack.
# You should not edit this file by hand.
# For more information, please see the documentation at:
#   https://docs.haskellstack.org/en/stable/topics/lock_files

packages:
- completed:
    hackage: Cabal-3.16.0.0@sha256:9972c2bd263168a20bd990962a68d4fd024f50c30a00519a6b942e8871d1bd67,14455
    pantry-tree:
      sha256: ddc689c4070a034cacd73c39c1df2673ed16e0b38b5ca476fc6ef2aa87b6f40f
      size: 12139
  original:
    hackage: Cabal-3.16.0.0@sha256:9972c2bd263168a20bd990962a68d4fd024f50c30a00519a6b942e8871d1bd67,14455
- completed:
    hackage: Cabal-syntax-3.16.0.0@sha256:6a35036763557301876c5b7a448de4f1cb54fe1e223ff6c4c0c1fdd6df635a65,7509
    pantry-tree:
      sha256: 4de976261238dd4045dd3addebf6a006d4aff3873ee680bac7af83dcbf068280
      size: 11238
  original:
    hackage: Cabal-syntax-3.16.0.0@sha256:6a35036763557301876c5b7a448de4f1cb54fe1e223ff6c4c0c1fdd6df635a65,7509
- completed:
    hackage: crypton-x509-1.8.0@sha256:d4822ba8dcb19ee3233fc98152f5afda383ac952770a1d07f1d01168e9fcdbc2,2006
    pantry-tree:
      sha256: 882a699e305fffcb77dd40bd40f959f062a8997a53560dca64462087aed3e4cd
      size: 1132
  original:
    hackage: crypton-x509-1.8.0@sha256:d4822ba8dcb19ee3233fc98152f5afda383ac952770a1d07f1d01168e9fcdbc2,2006
- completed:
    hackage: crypton-x509-store-1.8.0@sha256:075ba50a3daa0fdbb493481a665926e1ced2135c6b4ed56f97398aa855f0aecb,1674
    pantry-tree:
      sha256: 2c7e00e593d399624264172cbd5e2fa55feaf8239cf33bee7e33bbc7509d0a2e
      size: 458
  original:
    hackage: crypton-x509-store-1.8.0@sha256:075ba50a3daa0fdbb493481a665926e1ced2135c6b4ed56f97398aa855f0aecb,1674
- completed:
    hackage: crypton-x509-system-1.8.0@sha256:76bab32c7d9cb3ea356a905f85829c70967fb6f9b4b890f00d67dc54130d45ca,1521
    pantry-tree:
      sha256: 9ac33c993a82ac4da84804028c5398caec7aada7a83beeec3f28883fe470d68f
      size: 512
  original:
    hackage: crypton-x509-system-1.8.0@sha256:76bab32c7d9cb3ea356a905f85829c70967fb6f9b4b890f00d67dc54130d45ca,1521
- completed:
    hackage: crypton-x509-validation-1.8.0@sha256:63acb2df06f28c3ffdddaf6d9402105b9026796036aa10d7347ae4f7db51c36b,2018
    pantry-tree:
      sha256: 64baf1be6e65ade9ad8eaef819c9cc4c0fcb7d3b968641dcf28a3f859fe87dc5
      size: 691
  original:
    hackage: crypton-x509-validation-1.8.0@sha256:63acb2df06f28c3ffdddaf6d9402105b9026796036aa10d7347ae4f7db51c36b,2018
- completed:
    hackage: rio-prettyprint-0.1.9.0@sha256:f48afbfe28ed7be4d1a1bb96705669593dd5df12f28ed908516c6dfc4e0becbb,1375
    pantry-tree:
      sha256: c840f1193718b7af6c004fc62a67919e223b56cc1658a168c8e490e53a632aa0
      size: 779
  original:
    hackage: rio-prettyprint-0.1.9.0@sha256:f48afbfe28ed7be4d1a1bb96705669593dd5df12f28ed908516c6dfc4e0becbb,1375
- completed:
    hackage: tls-2.2.2@sha256:95f5acd4ce76cbd6bdc46b737370dcbd93c59cf1cd1934a30e55c61c1dc140e9,7283
    pantry-tree:
      sha256: 6ddac1e644efe75dbf62bbd35fa38897caca307d62bac538ae29b0c54bf6ff00
      size: 7056
  original:
    hackage: tls-2.2.2@sha256:95f5acd4ce76cbd6bdc46b737370dcbd93c59cf1cd1934a30e55c61c1dc140e9,7283
snapshots:
- completed:
    sha256: f4d90db84aefb7c9590dd224ebdabfd8304f81bbad4652a715ee8350c4b9d396
    size: 738802
    url: https://raw.githubusercontent.com/commercialhaskell/stackage-snapshots/master/nightly/2026/4/17.yaml
  original: nightly-2026-04-17
