# This file was autogenerated by Stack.
# You should not edit this file by hand.
# For more information, please see the documentation at:
#   https://docs.haskellstack.org/en/stable/topics/lock_files

packages: []
snapshots:
- completed:
    sha256: fc5627cb7880a3b53c97a16eb28abc0bd360360085f992def9748307de81bc7e
    size: 712255
    url: https://raw.githubusercontent.com/commercialhaskell/stackage-snapshots/master/nightly/2025/6/15.yaml
  original: nightly-2025-06-15
