# This file was autogenerated by Stack.
# You should not edit this file by hand.
# For more information, please see the documentation at:
#   https://docs.haskellstack.org/en/stable/lock_files

packages:
- completed:
    name: filelock
    pantry-tree:
      sha256: 0563d664aefb56cacfa89bc244d377c5e63597abd827a5a3f8d6be21a2b3b4d9
      size: 584
    sha256: c27641e26137f52b27e3ef9e27e7ac3f845f719ea54a12475f00f2ea7e6d9afc
    size: 9228
    url: https://github.com/snoyberg/filelock/archive/4f080496d8bf153fbe26e64d1f52cf73c7db25f6.tar.gz
    version: 0.1.1.2
  original:
    url: https://github.com/snoyberg/filelock/archive/4f080496d8bf153fbe26e64d1f52cf73c7db25f6.tar.gz
snapshots:
- completed:
    sha256: bfafe5735ccb74527d754b1f9999ded72d7c3a6c3a88529449661431ccfbd6cc
    size: 649327
    url: https://raw.githubusercontent.com/commercialhaskell/stackage-snapshots/master/lts/20/8.yaml
  original: lts-20.8
