# This file was autogenerated by Stack.
# You should not edit this file by hand.
# For more information, please see the documentation at:
#   https://docs.haskellstack.org/en/stable/lock_files

packages:
- completed:
    hackage: pantry-0.5.6@sha256:a8e3bb752b763aae79e418da00d0862b538cf49b5a8568d34a64b014c1862041,3913
    pantry-tree:
      size: 2524
      sha256: 50dbc1e38c1e9d5daeb2ebab9c74e54f4a67ac53ad98d4c856633ea9399fb906
  original:
    hackage: pantry-0.5.6@rev:0
snapshots:
- completed:
    size: 619216
    url: https://raw.githubusercontent.com/commercialhaskell/stackage-snapshots/master/nightly/2022/7/31.yaml
    sha256: f493859c3ff97bbe56657807ed8037ceacb38d179e13fc265ee314ee3767fcf3
  original: nightly-2022-07-31
