# This file was autogenerated by Stack.
# You should not edit this file by hand.
# For more information, please see the documentation at:
#   https://docs.haskellstack.org/en/stable/lock_files

packages: []
snapshots:
- completed:
    sha256: 4c972e067bae16b95961dbfdd12e07f1ee6c8fffabbfa05c3d65100b03f548b7
    size: 650253
    url: https://raw.githubusercontent.com/commercialhaskell/stackage-snapshots/master/lts/20/23.yaml
  original: lts-20.23
