# This file was autogenerated by Stack.
# You should not edit this file by hand.
# For more information, please see the documentation at:
#   https://docs.haskellstack.org/en/stable/topics/lock_files

packages: []
snapshots:
- completed:
    sha256: 2763632e4c4094ce12f5ae12b22f524cdc6453b6b19007ff164a37fd9d2ea829
    size: 683819
    url: https://raw.githubusercontent.com/commercialhaskell/stackage-snapshots/master/lts/23/17.yaml
  original: lts-23.17
