# This file was autogenerated by Stack.
# You should not edit this file by hand.
# For more information, please see the documentation at:
#   https://docs.haskellstack.org/en/stable/lock_files

packages:
- completed:
    hackage: acme-dont-1.1@sha256:8264ad3e5113d3e0417b46e71d5a9c0914a1f03b5b81319cc329f1dc0f49b96c,602
    pantry-tree:
      sha256: 79dbeddaf0fd507611687cefe9511c8fda489849fb0cac3894925716936290b2
      size: 206
  original:
    hackage: acme-dont-1.1@rev:0
snapshots: []
