# This file was autogenerated by Stack.
# You should not edit this file by hand.
# For more information, please see the documentation at:
#   https://docs.haskellstack.org/en/stable/lock_files

packages: []
snapshots:
- completed:
    sha256: c4233cb7ff3bc39c1eaad6153615331c9adc624559391142a8b812248a31300d
    size: 598787
    url: https://raw.githubusercontent.com/commercialhaskell/stackage-snapshots/master/nightly/2023/3/4.yaml
  original: nightly-2023-03-04
